// !$*UTF8*$!
{
	archiveVersion = 1;
	classes = {
	};
	objectVersion = 50;
	objects = {

/* Begin PBXBuildFile section */
		1132EC80249735CE0017628A /* AppDelegate.swift in Sources */ = {isa = PBXBuildFile; fileRef = 1132EC7F249735CE0017628A /* AppDelegate.swift */; };
		1132EC82249735CE0017628A /* SceneDelegate.swift in Sources */ = {isa = PBXBuildFile; fileRef = 1132EC81249735CE0017628A /* SceneDelegate.swift */; };
		1132EC84249735CE0017628A /* ContentView.swift in Sources */ = {isa = PBXBuildFile; fileRef = 1132EC83249735CE0017628A /* ContentView.swift */; };
		1132EC86249735CF0017628A /* Assets.xcassets in Resources */ = {isa = PBXBuildFile; fileRef = 1132EC85249735CF0017628A /* Assets.xcassets */; };
		1132EC89249735CF0017628A /* Preview Assets.xcassets in Resources */ = {isa = PBXBuildFile; fileRef = 1132EC88249735CF0017628A /* Preview Assets.xcassets */; };
		1132EC8C249735CF0017628A /* LaunchScreen.storyboard in Resources */ = {isa = PBXBuildFile; fileRef = 1132EC8A249735CF0017628A /* LaunchScreen.storyboard */; };
		1132EC94249735E10017628A /* KeyboardView.swift in Sources */ = {isa = PBXBuildFile; fileRef = 1132EC93249735E10017628A /* KeyboardView.swift */; };
		1132EC9924973D820017628A /* Extended.swift in Sources */ = {isa = PBXBuildFile; fileRef = 1132EC9824973D820017628A /* Extended.swift */; };
		1146694F249B90C4008B7812 /* CoefficientsView.swift in Sources */ = {isa = PBXBuildFile; fileRef = 1146694E249B90C4008B7812 /* CoefficientsView.swift */; };
		11527BAA24986E2200263B83 /* Standard.swift in Sources */ = {isa = PBXBuildFile; fileRef = 11527BA924986E2200263B83 /* Standard.swift */; };
		11924A3C249A7848009719D2 /* AppView.swift in Sources */ = {isa = PBXBuildFile; fileRef = 11924A3B249A7848009719D2 /* AppView.swift */; };
		11924A3E249A8453009719D2 /* SettingsView.swift in Sources */ = {isa = PBXBuildFile; fileRef = 11924A3D249A8453009719D2 /* SettingsView.swift */; };
		11924A40249A84A6009719D2 /* SettingsStore.swift in Sources */ = {isa = PBXBuildFile; fileRef = 11924A3F249A84A6009719D2 /* SettingsStore.swift */; };
		11924A42249AFDED009719D2 /* Buttons.swift in Sources */ = {isa = PBXBuildFile; fileRef = 11924A41249AFDED009719D2 /* Buttons.swift */; };
		11924A44249B3B71009719D2 /* AppData.swift in Sources */ = {isa = PBXBuildFile; fileRef = 11924A43249B3B71009719D2 /* AppData.swift */; };
		119AE163249880D500D84555 /* Solver.swift in Sources */ = {isa = PBXBuildFile; fileRef = 119AE162249880D500D84555 /* Solver.swift */; };
		11AC22A2249DBED20061A629 /* ClearFieldsView.swift in Sources */ = {isa = PBXBuildFile; fileRef = 11AC22A1249DBED20061A629 /* ClearFieldsView.swift */; };
		11FD5538249A41CA00D775D8 /* BottomSheetView.swift in Sources */ = {isa = PBXBuildFile; fileRef = 11FD5537249A41CA00D775D8 /* BottomSheetView.swift */; };
/* End PBXBuildFile section */

/* Begin PBXFileReference section */
		1132EC7C249735CE0017628A /* Fourier.app */ = {isa = PBXFileReference; explicitFileType = wrapper.application; includeInIndex = 0; path = Fourier.app; sourceTree = BUILT_PRODUCTS_DIR; };
		1132EC7F249735CE0017628A /* AppDelegate.swift */ = {isa = PBXFileReference; lastKnownFileType = sourcecode.swift; path = AppDelegate.swift; sourceTree = "<group>"; };
		1132EC81249735CE0017628A /* SceneDelegate.swift */ = {isa = PBXFileReference; lastKnownFileType = sourcecode.swift; path = SceneDelegate.swift; sourceTree = "<group>"; };
		1132EC83249735CE0017628A /* ContentView.swift */ = {isa = PBXFileReference; lastKnownFileType = sourcecode.swift; path = ContentView.swift; sourceTree = "<group>"; };
		1132EC85249735CF0017628A /* Assets.xcassets */ = {isa = PBXFileReference; lastKnownFileType = folder.assetcatalog; path = Assets.xcassets; sourceTree = "<group>"; };
		1132EC88249735CF0017628A /* Preview Assets.xcassets */ = {isa = PBXFileReference; lastKnownFileType = folder.assetcatalog; path = "Preview Assets.xcassets"; sourceTree = "<group>"; };
		1132EC8B249735CF0017628A /* Base */ = {isa = PBXFileReference; lastKnownFileType = file.storyboard; name = Base; path = Base.lproj/LaunchScreen.storyboard; sourceTree = "<group>"; };
		1132EC8D249735CF0017628A /* Info.plist */ = {isa = PBXFileReference; lastKnownFileType = text.plist.xml; path = Info.plist; sourceTree = "<group>"; };
		1132EC93249735E10017628A /* KeyboardView.swift */ = {isa = PBXFileReference; lastKnownFileType = sourcecode.swift; path = KeyboardView.swift; sourceTree = "<group>"; };
		1132EC9824973D820017628A /* Extended.swift */ = {isa = PBXFileReference; lastKnownFileType = sourcecode.swift; path = Extended.swift; sourceTree = "<group>"; };
		1146694E249B90C4008B7812 /* CoefficientsView.swift */ = {isa = PBXFileReference; lastKnownFileType = sourcecode.swift; path = CoefficientsView.swift; sourceTree = "<group>"; };
		11527BA924986E2200263B83 /* Standard.swift */ = {isa = PBXFileReference; lastKnownFileType = sourcecode.swift; path = Standard.swift; sourceTree = "<group>"; };
		11924A3B249A7848009719D2 /* AppView.swift */ = {isa = PBXFileReference; lastKnownFileType = sourcecode.swift; path = AppView.swift; sourceTree = "<group>"; };
		11924A3D249A8453009719D2 /* SettingsView.swift */ = {isa = PBXFileReference; lastKnownFileType = sourcecode.swift; path = SettingsView.swift; sourceTree = "<group>"; };
		11924A3F249A84A6009719D2 /* SettingsStore.swift */ = {isa = PBXFileReference; lastKnownFileType = sourcecode.swift; path = SettingsStore.swift; sourceTree = "<group>"; };
		11924A41249AFDED009719D2 /* Buttons.swift */ = {isa = PBXFileReference; lastKnownFileType = sourcecode.swift; path = Buttons.swift; sourceTree = "<group>"; };
		11924A43249B3B71009719D2 /* AppData.swift */ = {isa = PBXFileReference; lastKnownFileType = sourcecode.swift; path = AppData.swift; sourceTree = "<group>"; };
		119AE162249880D500D84555 /* Solver.swift */ = {isa = PBXFileReference; lastKnownFileType = sourcecode.swift; path = Solver.swift; sourceTree = "<group>"; };
		11AC22A1249DBED20061A629 /* ClearFieldsView.swift */ = {isa = PBXFileReference; lastKnownFileType = sourcecode.swift; path = ClearFieldsView.swift; sourceTree = "<group>"; };
		11FD5537249A41CA00D775D8 /* BottomSheetView.swift */ = {isa = PBXFileReference; lastKnownFileType = sourcecode.swift; path = BottomSheetView.swift; sourceTree = "<group>"; };
/* End PBXFileReference section */

/* Begin PBXFrameworksBuildPhase section */
		1132EC79249735CE0017628A /* Frameworks */ = {
			isa = PBXFrameworksBuildPhase;
			buildActionMask = 2147483647;
			files = (
			);
			runOnlyForDeploymentPostprocessing = 0;
		};
/* End PBXFrameworksBuildPhase section */

/* Begin PBXGroup section */
		1132EC73249735CE0017628A = {
			isa = PBXGroup;
			children = (
				1132EC7E249735CE0017628A /* Fourier */,
				1132EC7D249735CE0017628A /* Products */,
			);
			sourceTree = "<group>";
		};
		1132EC7D249735CE0017628A /* Products */ = {
			isa = PBXGroup;
			children = (
				1132EC7C249735CE0017628A /* Fourier.app */,
			);
			name = Products;
			sourceTree = "<group>";
		};
		1132EC7E249735CE0017628A /* Fourier */ = {
			isa = PBXGroup;
			children = (
				11924A3B249A7848009719D2 /* AppView.swift */,
				1132EC83249735CE0017628A /* ContentView.swift */,
				11AC22A1249DBED20061A629 /* ClearFieldsView.swift */,
				1146694E249B90C4008B7812 /* CoefficientsView.swift */,
				11924A3D249A8453009719D2 /* SettingsView.swift */,
				1132EC93249735E10017628A /* KeyboardView.swift */,
				11FD5537249A41CA00D775D8 /* BottomSheetView.swift */,
				11924A41249AFDED009719D2 /* Buttons.swift */,
				1132EC9524973D680017628A /* Keyboards */,
				119AE15F24987DBA00D84555 /* Algorithms */,
				1132EC7F249735CE0017628A /* AppDelegate.swift */,
				1132EC81249735CE0017628A /* SceneDelegate.swift */,
				11924A43249B3B71009719D2 /* AppData.swift */,
				11924A3F249A84A6009719D2 /* SettingsStore.swift */,
				1132EC85249735CF0017628A /* Assets.xcassets */,
				1132EC8A249735CF0017628A /* LaunchScreen.storyboard */,
				1132EC8D249735CF0017628A /* Info.plist */,
				1132EC87249735CF0017628A /* Preview Content */,
			);
			path = Fourier;
			sourceTree = "<group>";
		};
		1132EC87249735CF0017628A /* Preview Content */ = {
			isa = PBXGroup;
			children = (
				1132EC88249735CF0017628A /* Preview Assets.xcassets */,
			);
			path = "Preview Content";
			sourceTree = "<group>";
		};
		1132EC9524973D680017628A /* Keyboards */ = {
			isa = PBXGroup;
			children = (
				1132EC9824973D820017628A /* Extended.swift */,
				11527BA924986E2200263B83 /* Standard.swift */,
			);
			path = Keyboards;
			sourceTree = "<group>";
		};
		119AE15F24987DBA00D84555 /* Algorithms */ = {
			isa = PBXGroup;
			children = (
				119AE162249880D500D84555 /* Solver.swift */,
			);
			path = Algorithms;
			sourceTree = "<group>";
		};
/* End PBXGroup section */

/* Begin PBXNativeTarget section */
		1132EC7B249735CE0017628A /* Fourier */ = {
			isa = PBXNativeTarget;
			buildConfigurationList = 1132EC90249735CF0017628A /* Build configuration list for PBXNativeTarget "Fourier" */;
			buildPhases = (
				1132EC78249735CE0017628A /* Sources */,
				1132EC79249735CE0017628A /* Frameworks */,
				1132EC7A249735CE0017628A /* Resources */,
			);
			buildRules = (
			);
			dependencies = (
			);
			name = Fourier;
			packageProductDependencies = (
			);
			productName = Integra;
			productReference = 1132EC7C249735CE0017628A /* Fourier.app */;
			productType = "com.apple.product-type.application";
		};
/* End PBXNativeTarget section */

/* Begin PBXProject section */
		1132EC74249735CE0017628A /* Project object */ = {
			isa = PBXProject;
			attributes = {
				LastSwiftUpdateCheck = 1150;
				LastUpgradeCheck = 1150;
				ORGANIZATIONNAME = "Tanay Nistala";
				TargetAttributes = {
					1132EC7B249735CE0017628A = {
						CreatedOnToolsVersion = 11.5;
					};
				};
			};
			buildConfigurationList = 1132EC77249735CE0017628A /* Build configuration list for PBXProject "Fourier" */;
			compatibilityVersion = "Xcode 9.3";
			developmentRegion = en;
			hasScannedForEncodings = 0;
			knownRegions = (
				en,
				Base,
			);
			mainGroup = 1132EC73249735CE0017628A;
			packageReferences = (
			);
			productRefGroup = 1132EC7D249735CE0017628A /* Products */;
			projectDirPath = "";
			projectRoot = "";
			targets = (
				1132EC7B249735CE0017628A /* Fourier */,
			);
		};
/* End PBXProject section */

/* Begin PBXResourcesBuildPhase section */
		1132EC7A249735CE0017628A /* Resources */ = {
			isa = PBXResourcesBuildPhase;
			buildActionMask = 2147483647;
			files = (
				1132EC8C249735CF0017628A /* LaunchScreen.storyboard in Resources */,
				1132EC89249735CF0017628A /* Preview Assets.xcassets in Resources */,
				1132EC86249735CF0017628A /* Assets.xcassets in Resources */,
			);
			runOnlyForDeploymentPostprocessing = 0;
		};
/* End PBXResourcesBuildPhase section */

/* Begin PBXSourcesBuildPhase section */
		1132EC78249735CE0017628A /* Sources */ = {
			isa = PBXSourcesBuildPhase;
			buildActionMask = 2147483647;
			files = (
				11924A42249AFDED009719D2 /* Buttons.swift in Sources */,
				11527BAA24986E2200263B83 /* Standard.swift in Sources */,
				11AC22A2249DBED20061A629 /* ClearFieldsView.swift in Sources */,
				1132EC80249735CE0017628A /* AppDelegate.swift in Sources */,
				11924A44249B3B71009719D2 /* AppData.swift in Sources */,
				11FD5538249A41CA00D775D8 /* BottomSheetView.swift in Sources */,
				1132EC94249735E10017628A /* KeyboardView.swift in Sources */,
				1146694F249B90C4008B7812 /* CoefficientsView.swift in Sources */,
				1132EC9924973D820017628A /* Extended.swift in Sources */,
				119AE163249880D500D84555 /* Solver.swift in Sources */,
				11924A3C249A7848009719D2 /* AppView.swift in Sources */,
				1132EC82249735CE0017628A /* SceneDelegate.swift in Sources */,
				11924A40249A84A6009719D2 /* SettingsStore.swift in Sources */,
				1132EC84249735CE0017628A /* ContentView.swift in Sources */,
				11924A3E249A8453009719D2 /* SettingsView.swift in Sources */,
			);
			runOnlyForDeploymentPostprocessing = 0;
		};
/* End PBXSourcesBuildPhase section */

/* Begin PBXVariantGroup section */
		1132EC8A249735CF0017628A /* LaunchScreen.storyboard */ = {
			isa = PBXVariantGroup;
			children = (
				1132EC8B249735CF0017628A /* Base */,
			);
			name = LaunchScreen.storyboard;
			sourceTree = "<group>";
		};
/* End PBXVariantGroup section */

/* Begin XCBuildConfiguration section */
		1132EC8E249735CF0017628A /* Debug */ = {
			isa = XCBuildConfiguration;
			buildSettings = {
				ALWAYS_SEARCH_USER_PATHS = NO;
				CLANG_ANALYZER_NONNULL = YES;
				CLANG_ANALYZER_NUMBER_OBJECT_CONVERSION = YES_AGGRESSIVE;
				CLANG_CXX_LANGUAGE_STANDARD = "gnu++14";
				CLANG_CXX_LIBRARY = "libc++";
				CLANG_ENABLE_MODULES = YES;
				CLANG_ENABLE_OBJC_ARC = YES;
				CLANG_ENABLE_OBJC_WEAK = YES;
				CLANG_WARN_BLOCK_CAPTURE_AUTORELEASING = YES;
				CLANG_WARN_BOOL_CONVERSION = YES;
				CLANG_WARN_COMMA = YES;
				CLANG_WARN_CONSTANT_CONVERSION = YES;
				CLANG_WARN_DEPRECATED_OBJC_IMPLEMENTATIONS = YES;
				CLANG_WARN_DIRECT_OBJC_ISA_USAGE = YES_ERROR;
				CLANG_WARN_DOCUMENTATION_COMMENTS = YES;
				CLANG_WARN_EMPTY_BODY = YES;
				CLANG_WARN_ENUM_CONVERSION = YES;
				CLANG_WARN_INFINITE_RECURSION = YES;
				CLANG_WARN_INT_CONVERSION = YES;
				CLANG_WARN_NON_LITERAL_NULL_CONVERSION = YES;
				CLANG_WARN_OBJC_IMPLICIT_RETAIN_SELF = YES;
				CLANG_WARN_OBJC_LITERAL_CONVERSION = YES;
				CLANG_WARN_OBJC_ROOT_CLASS = YES_ERROR;
				CLANG_WARN_RANGE_LOOP_ANALYSIS = YES;
				CLANG_WARN_STRICT_PROTOTYPES = YES;
				CLANG_WARN_SUSPICIOUS_MOVE = YES;
				CLANG_WARN_UNGUARDED_AVAILABILITY = YES_AGGRESSIVE;
				CLANG_WARN_UNREACHABLE_CODE = YES;
				CLANG_WARN__DUPLICATE_METHOD_MATCH = YES;
				COPY_PHASE_STRIP = NO;
				DEBUG_INFORMATION_FORMAT = dwarf;
				ENABLE_STRICT_OBJC_MSGSEND = YES;
				ENABLE_TESTABILITY = YES;
				GCC_C_LANGUAGE_STANDARD = gnu11;
				GCC_DYNAMIC_NO_PIC = NO;
				GCC_NO_COMMON_BLOCKS = YES;
				GCC_OPTIMIZATION_LEVEL = 0;
				GCC_PREPROCESSOR_DEFINITIONS = (
					"DEBUG=1",
					"$(inherited)",
				);
				GCC_WARN_64_TO_32_BIT_CONVERSION = YES;
				GCC_WARN_ABOUT_RETURN_TYPE = YES_ERROR;
				GCC_WARN_UNDECLARED_SELECTOR = YES;
				GCC_WARN_UNINITIALIZED_AUTOS = YES_AGGRESSIVE;
				GCC_WARN_UNUSED_FUNCTION = YES;
				GCC_WARN_UNUSED_VARIABLE = YES;
				IPHONEOS_DEPLOYMENT_TARGET = 13.5;
				MTL_ENABLE_DEBUG_INFO = INCLUDE_SOURCE;
				MTL_FAST_MATH = YES;
				ONLY_ACTIVE_ARCH = YES;
				SDKROOT = iphoneos;
				SWIFT_ACTIVE_COMPILATION_CONDITIONS = DEBUG;
				SWIFT_OPTIMIZATION_LEVEL = "-Onone";
			};
			name = Debug;
		};
		1132EC8F249735CF0017628A /* Release */ = {
			isa = XCBuildConfiguration;
			buildSettings = {
				ALWAYS_SEARCH_USER_PATHS = NO;
				CLANG_ANALYZER_NONNULL = YES;
				CLANG_ANALYZER_NUMBER_OBJECT_CONVERSION = YES_AGGRESSIVE;
				CLANG_CXX_LANGUAGE_STANDARD = "gnu++14";
				CLANG_CXX_LIBRARY = "libc++";
				CLANG_ENABLE_MODULES = YES;
				CLANG_ENABLE_OBJC_ARC = YES;
				CLANG_ENABLE_OBJC_WEAK = YES;
				CLANG_WARN_BLOCK_CAPTURE_AUTORELEASING = YES;
				CLANG_WARN_BOOL_CONVERSION = YES;
				CLANG_WARN_COMMA = YES;
				CLANG_WARN_CONSTANT_CONVERSION = YES;
				CLANG_WARN_DEPRECATED_OBJC_IMPLEMENTATIONS = YES;
				CLANG_WARN_DIRECT_OBJC_ISA_USAGE = YES_ERROR;
				CLANG_WARN_DOCUMENTATION_COMMENTS = YES;
				CLANG_WARN_EMPTY_BODY = YES;
				CLANG_WARN_ENUM_CONVERSION = YES;
				CLANG_WARN_INFINITE_RECURSION = YES;
				CLANG_WARN_INT_CONVERSION = YES;
				CLANG_WARN_NON_LITERAL_NULL_CONVERSION = YES;
				CLANG_WARN_OBJC_IMPLICIT_RETAIN_SELF = YES;
				CLANG_WARN_OBJC_LITERAL_CONVERSION = YES;
				CLANG_WARN_OBJC_ROOT_CLASS = YES_ERROR;
				CLANG_WARN_RANGE_LOOP_ANALYSIS = YES;
				CLANG_WARN_STRICT_PROTOTYPES = YES;
				CLANG_WARN_SUSPICIOUS_MOVE = YES;
				CLANG_WARN_UNGUARDED_AVAILABILITY = YES_AGGRESSIVE;
				CLANG_WARN_UNREACHABLE_CODE = YES;
				CLANG_WARN__DUPLICATE_METHOD_MATCH = YES;
				COPY_PHASE_STRIP = NO;
				DEBUG_INFORMATION_FORMAT = "dwarf-with-dsym";
				ENABLE_NS_ASSERTIONS = NO;
				ENABLE_STRICT_OBJC_MSGSEND = YES;
				GCC_C_LANGUAGE_STANDARD = gnu11;
				GCC_NO_COMMON_BLOCKS = YES;
				GCC_WARN_64_TO_32_BIT_CONVERSION = YES;
				GCC_WARN_ABOUT_RETURN_TYPE = YES_ERROR;
				GCC_WARN_UNDECLARED_SELECTOR = YES;
				GCC_WARN_UNINITIALIZED_AUTOS = YES_AGGRESSIVE;
				GCC_WARN_UNUSED_FUNCTION = YES;
				GCC_WARN_UNUSED_VARIABLE = YES;
				IPHONEOS_DEPLOYMENT_TARGET = 13.5;
				MTL_ENABLE_DEBUG_INFO = NO;
				MTL_FAST_MATH = YES;
				SDKROOT = iphoneos;
				SWIFT_COMPILATION_MODE = wholemodule;
				SWIFT_OPTIMIZATION_LEVEL = "-O";
				VALIDATE_PRODUCT = YES;
			};
			name = Release;
		};
		1132EC91249735CF0017628A /* Debug */ = {
			isa = XCBuildConfiguration;
			buildSettings = {
				ASSETCATALOG_COMPILER_APPICON_NAME = AppIcon;
				CODE_SIGN_STYLE = Automatic;
				DEVELOPMENT_ASSET_PATHS = "\"Fourier/Preview Content\"";
				DEVELOPMENT_TEAM = 7N3FSBSYL9;
				ENABLE_PREVIEWS = YES;
				INFOPLIST_FILE = Fourier/Info.plist;
				LD_RUNPATH_SEARCH_PATHS = (
					"$(inherited)",
					"@executable_path/Frameworks",
				);
				PRODUCT_BUNDLE_IDENTIFIER = com.tanaynistala.Fourier;
				PRODUCT_NAME = "$(TARGET_NAME)";
				SWIFT_VERSION = 5.0;
				TARGETED_DEVICE_FAMILY = "1,2";
			};
			name = Debug;
		};
		1132EC92249735CF0017628A /* Release */ = {
			isa = XCBuildConfiguration;
			buildSettings = {
				ASSETCATALOG_COMPILER_APPICON_NAME = AppIcon;
				CODE_SIGN_STYLE = Automatic;
				DEVELOPMENT_ASSET_PATHS = "\"Fourier/Preview Content\"";
				DEVELOPMENT_TEAM = 7N3FSBSYL9;
				ENABLE_PREVIEWS = YES;
				INFOPLIST_FILE = Fourier/Info.plist;
				LD_RUNPATH_SEARCH_PATHS = (
					"$(inherited)",
					"@executable_path/Frameworks",
				);
				PRODUCT_BUNDLE_IDENTIFIER = com.tanaynistala.Fourier;
				PRODUCT_NAME = "$(TARGET_NAME)";
				SWIFT_VERSION = 5.0;
				TARGETED_DEVICE_FAMILY = "1,2";
			};
			name = Release;
		};
/* End XCBuildConfiguration section */

/* Begin XCConfigurationList section */
		1132EC77249735CE0017628A /* Build configuration list for PBXProject "Fourier" */ = {
			isa = XCConfigurationList;
			buildConfigurations = (
				1132EC8E249735CF0017628A /* Debug */,
				1132EC8F249735CF0017628A /* Release */,
			);
			defaultConfigurationIsVisible = 0;
			defaultConfigurationName = Release;
		};
		1132EC90249735CF0017628A /* Build configuration list for PBXNativeTarget "Fourier" */ = {
			isa = XCConfigurationList;
			buildConfigurations = (
				1132EC91249735CF0017628A /* Debug */,
				1132EC92249735CF0017628A /* Release */,
			);
			defaultConfigurationIsVisible = 0;
			defaultConfigurationName = Release;
		};
/* End XCConfigurationList section */
	};
	rootObject = 1132EC74249735CE0017628A /* Project object */;
}
