// !$*UTF8*$!
{
	archiveVersion = 1;
	classes = {
	};
	objectVersion = 52;
	objects = {

/* Begin PBXBuildFile section */
		1108914E249EEAD2003CED17 /* ProPreview.swift in Sources */ = {isa = PBXBuildFile; fileRef = 1108914D249EEAD2003CED17 /* ProPreview.swift */; };
		11116E4D249F11D500CDACF9 /* AppIconsView.swift in Sources */ = {isa = PBXBuildFile; fileRef = 11116E4C249F11D500CDACF9 /* AppIconsView.swift */; };
		11116E5A24A0467F00CDACF9 /* Twilight.png in Resources */ = {isa = PBXBuildFile; fileRef = 11116E5024A0467F00CDACF9 /* Twilight.png */; };
		11116E5B24A0467F00CDACF9 /* LogDark.png in Resources */ = {isa = PBXBuildFile; fileRef = 11116E5124A0467F00CDACF9 /* LogDark.png */; };
		11116E5C24A0467F00CDACF9 /* LogLight.png in Resources */ = {isa = PBXBuildFile; fileRef = 11116E5224A0467F00CDACF9 /* LogLight.png */; };
		11116E5D24A0467F00CDACF9 /* Sunrise.png in Resources */ = {isa = PBXBuildFile; fileRef = 11116E5324A0467F00CDACF9 /* Sunrise.png */; };
		11116E5E24A0467F00CDACF9 /* SunriseMonochrome.png in Resources */ = {isa = PBXBuildFile; fileRef = 11116E5424A0467F00CDACF9 /* SunriseMonochrome.png */; };
		11116E5F24A0467F00CDACF9 /* SineLight.png in Resources */ = {isa = PBXBuildFile; fileRef = 11116E5524A0467F00CDACF9 /* SineLight.png */; };
		11116E6024A0467F00CDACF9 /* NetworkDark.png in Resources */ = {isa = PBXBuildFile; fileRef = 11116E5624A0467F00CDACF9 /* NetworkDark.png */; };
		11116E6124A0467F00CDACF9 /* TwilightMonochrome.png in Resources */ = {isa = PBXBuildFile; fileRef = 11116E5724A0467F00CDACF9 /* TwilightMonochrome.png */; };
		11116E6224A0467F00CDACF9 /* NetworkLight.png in Resources */ = {isa = PBXBuildFile; fileRef = 11116E5824A0467F00CDACF9 /* NetworkLight.png */; };
		11116E6324A0467F00CDACF9 /* SineDark.png in Resources */ = {isa = PBXBuildFile; fileRef = 11116E5924A0467F00CDACF9 /* SineDark.png */; };
		11164E7924BA0FBC00FD6B8B /* Presets.swift in Sources */ = {isa = PBXBuildFile; fileRef = 11164E7824BA0FBC00FD6B8B /* Presets.swift */; };
		111DE42624A49CE5001A0964 /* Help.swift in Sources */ = {isa = PBXBuildFile; fileRef = 111DE42524A49CE4001A0964 /* Help.swift */; };
		11214C1C24A476F900AEADD5 /* PrivacyPolicy.swift in Sources */ = {isa = PBXBuildFile; fileRef = 11214C1B24A476F900AEADD5 /* PrivacyPolicy.swift */; };
		11214C1E24A478A600AEADD5 /* TermsOfUse.swift in Sources */ = {isa = PBXBuildFile; fileRef = 11214C1D24A478A600AEADD5 /* TermsOfUse.swift */; };
		1132EC80249735CE0017628A /* AppDelegate.swift in Sources */ = {isa = PBXBuildFile; fileRef = 1132EC7F249735CE0017628A /* AppDelegate.swift */; };
		1132EC82249735CE0017628A /* SceneDelegate.swift in Sources */ = {isa = PBXBuildFile; fileRef = 1132EC81249735CE0017628A /* SceneDelegate.swift */; };
		1132EC84249735CE0017628A /* ContentView.swift in Sources */ = {isa = PBXBuildFile; fileRef = 1132EC83249735CE0017628A /* ContentView.swift */; };
		1132EC86249735CF0017628A /* Assets.xcassets in Resources */ = {isa = PBXBuildFile; fileRef = 1132EC85249735CF0017628A /* Assets.xcassets */; };
		1132EC89249735CF0017628A /* Preview Assets.xcassets in Resources */ = {isa = PBXBuildFile; fileRef = 1132EC88249735CF0017628A /* Preview Assets.xcassets */; };
		1132EC8C249735CF0017628A /* LaunchScreen.storyboard in Resources */ = {isa = PBXBuildFile; fileRef = 1132EC8A249735CF0017628A /* LaunchScreen.storyboard */; };
		1132EC94249735E10017628A /* KeyboardView.swift in Sources */ = {isa = PBXBuildFile; fileRef = 1132EC93249735E10017628A /* KeyboardView.swift */; };
		1132EC9924973D820017628A /* Extended.swift in Sources */ = {isa = PBXBuildFile; fileRef = 1132EC9824973D820017628A /* Extended.swift */; };
		1137797B24C70FC100D4A09C /* EquationView.swift in Sources */ = {isa = PBXBuildFile; fileRef = 1137797A24C70FC100D4A09C /* EquationView.swift */; };
		1146694F249B90C4008B7812 /* EntryViews.swift in Sources */ = {isa = PBXBuildFile; fileRef = 1146694E249B90C4008B7812 /* EntryViews.swift */; };
		114B0E2224D11C2900DE0859 /* TipJarView.swift in Sources */ = {isa = PBXBuildFile; fileRef = 114B0E2124D11C2900DE0859 /* TipJarView.swift */; };
		114DA6C524C5BFE600A15017 /* InputViews.swift in Sources */ = {isa = PBXBuildFile; fileRef = 114DA6C424C5BFE600A15017 /* InputViews.swift */; };
		1150F2D024B42B76005E599D /* MathParser in Frameworks */ = {isa = PBXBuildFile; productRef = 1150F2CF24B42B76005E599D /* MathParser */; };
		11527BAA24986E2200263B83 /* Standard.swift in Sources */ = {isa = PBXBuildFile; fileRef = 11527BA924986E2200263B83 /* Standard.swift */; };
		115851C024B7589700B48C5C /* Pendulum.swift in Sources */ = {isa = PBXBuildFile; fileRef = 115851BF24B7589700B48C5C /* Pendulum.swift */; };
		115851C224B758BC00B48C5C /* Lotka-Volterra.swift in Sources */ = {isa = PBXBuildFile; fileRef = 115851C124B758BC00B48C5C /* Lotka-Volterra.swift */; };
		115851C424B77A6D00B48C5C /* TimeParameters.swift in Sources */ = {isa = PBXBuildFile; fileRef = 115851C324B77A6D00B48C5C /* TimeParameters.swift */; };
		1171FA7824AE21F500C4F6BE /* PresetModel.swift in Sources */ = {isa = PBXBuildFile; fileRef = 1171FA7424AE21F500C4F6BE /* PresetModel.swift */; };
		1171FA7924AE21F500C4F6BE /* presetData.json in Resources */ = {isa = PBXBuildFile; fileRef = 1171FA7524AE21F500C4F6BE /* presetData.json */; };
		11924A3C249A7848009719D2 /* AppView.swift in Sources */ = {isa = PBXBuildFile; fileRef = 11924A3B249A7848009719D2 /* AppView.swift */; };
		11924A3E249A8453009719D2 /* SettingsView.swift in Sources */ = {isa = PBXBuildFile; fileRef = 11924A3D249A8453009719D2 /* SettingsView.swift */; };
		11924A40249A84A6009719D2 /* SettingsStore.swift in Sources */ = {isa = PBXBuildFile; fileRef = 11924A3F249A84A6009719D2 /* SettingsStore.swift */; };
		11924A42249AFDED009719D2 /* Buttons.swift in Sources */ = {isa = PBXBuildFile; fileRef = 11924A41249AFDED009719D2 /* Buttons.swift */; };
		11924A44249B3B71009719D2 /* AppData.swift in Sources */ = {isa = PBXBuildFile; fileRef = 11924A43249B3B71009719D2 /* AppData.swift */; };
		119AE163249880D500D84555 /* Solver.swift in Sources */ = {isa = PBXBuildFile; fileRef = 119AE162249880D500D84555 /* Solver.swift */; };
		119EA0F024A7ACAB00838C2E /* CoefficientsList.swift in Sources */ = {isa = PBXBuildFile; fileRef = 119EA0EF24A7ACAB00838C2E /* CoefficientsList.swift */; };
		119F9F5024AE870C00BD26CA /* MailView.swift in Sources */ = {isa = PBXBuildFile; fileRef = 119F9F4F24AE870C00BD26CA /* MailView.swift */; };
		11AC22A2249DBED20061A629 /* ClearFieldsView.swift in Sources */ = {isa = PBXBuildFile; fileRef = 11AC22A1249DBED20061A629 /* ClearFieldsView.swift */; };
		11BA57FF24C7F15500B69C39 /* ODE.swift in Sources */ = {isa = PBXBuildFile; fileRef = 11BA57FE24C7F15500B69C39 /* ODE.swift */; };
		11C27D7D24AA44F60030FD0B /* PresetsView.swift in Sources */ = {isa = PBXBuildFile; fileRef = 11C27D7C24AA44F60030FD0B /* PresetsView.swift */; };
		11D2D4B424A5038300D1E6FA /* Splashscreen.swift in Sources */ = {isa = PBXBuildFile; fileRef = 11D2D4B324A5038300D1E6FA /* Splashscreen.swift */; };
		11F00C0424AE46F70048A7EE /* Tags.swift in Sources */ = {isa = PBXBuildFile; fileRef = 11F00C0324AE46F70048A7EE /* Tags.swift */; };
		11F00C0624AE47080048A7EE /* SubjectPicker.swift in Sources */ = {isa = PBXBuildFile; fileRef = 11F00C0524AE47080048A7EE /* SubjectPicker.swift */; };
		11F00C0824AE47160048A7EE /* PresetDetailView.swift in Sources */ = {isa = PBXBuildFile; fileRef = 11F00C0724AE47160048A7EE /* PresetDetailView.swift */; };
		11F9BDC524AF7B7800859CE3 /* PresetRow.swift in Sources */ = {isa = PBXBuildFile; fileRef = 11F9BDC424AF7B7800859CE3 /* PresetRow.swift */; };
		11FD5538249A41CA00D775D8 /* BottomSheetView.swift in Sources */ = {isa = PBXBuildFile; fileRef = 11FD5537249A41CA00D775D8 /* BottomSheetView.swift */; };
/* End PBXBuildFile section */

/* Begin PBXFileReference section */
		1108914D249EEAD2003CED17 /* ProPreview.swift */ = {isa = PBXFileReference; lastKnownFileType = sourcecode.swift; path = ProPreview.swift; sourceTree = "<group>"; };
		11116E4C249F11D500CDACF9 /* AppIconsView.swift */ = {isa = PBXFileReference; lastKnownFileType = sourcecode.swift; path = AppIconsView.swift; sourceTree = "<group>"; };
		11116E5024A0467F00CDACF9 /* Twilight.png */ = {isa = PBXFileReference; lastKnownFileType = image.png; path = Twilight.png; sourceTree = "<group>"; };
		11116E5124A0467F00CDACF9 /* LogDark.png */ = {isa = PBXFileReference; lastKnownFileType = image.png; path = LogDark.png; sourceTree = "<group>"; };
		11116E5224A0467F00CDACF9 /* LogLight.png */ = {isa = PBXFileReference; lastKnownFileType = image.png; path = LogLight.png; sourceTree = "<group>"; };
		11116E5324A0467F00CDACF9 /* Sunrise.png */ = {isa = PBXFileReference; lastKnownFileType = image.png; path = Sunrise.png; sourceTree = "<group>"; };
		11116E5424A0467F00CDACF9 /* SunriseMonochrome.png */ = {isa = PBXFileReference; lastKnownFileType = image.png; path = SunriseMonochrome.png; sourceTree = "<group>"; };
		11116E5524A0467F00CDACF9 /* SineLight.png */ = {isa = PBXFileReference; lastKnownFileType = image.png; path = SineLight.png; sourceTree = "<group>"; };
		11116E5624A0467F00CDACF9 /* NetworkDark.png */ = {isa = PBXFileReference; lastKnownFileType = image.png; path = NetworkDark.png; sourceTree = "<group>"; };
		11116E5724A0467F00CDACF9 /* TwilightMonochrome.png */ = {isa = PBXFileReference; lastKnownFileType = image.png; path = TwilightMonochrome.png; sourceTree = "<group>"; };
		11116E5824A0467F00CDACF9 /* NetworkLight.png */ = {isa = PBXFileReference; lastKnownFileType = image.png; path = NetworkLight.png; sourceTree = "<group>"; };
		11116E5924A0467F00CDACF9 /* SineDark.png */ = {isa = PBXFileReference; lastKnownFileType = image.png; path = SineDark.png; sourceTree = "<group>"; };
		11164E7824BA0FBC00FD6B8B /* Presets.swift */ = {isa = PBXFileReference; lastKnownFileType = sourcecode.swift; path = Presets.swift; sourceTree = "<group>"; };
		111DE42524A49CE4001A0964 /* Help.swift */ = {isa = PBXFileReference; lastKnownFileType = sourcecode.swift; path = Help.swift; sourceTree = "<group>"; };
		11214C1B24A476F900AEADD5 /* PrivacyPolicy.swift */ = {isa = PBXFileReference; lastKnownFileType = sourcecode.swift; path = PrivacyPolicy.swift; sourceTree = "<group>"; };
		11214C1D24A478A600AEADD5 /* TermsOfUse.swift */ = {isa = PBXFileReference; lastKnownFileType = sourcecode.swift; path = TermsOfUse.swift; sourceTree = "<group>"; };
		1132EC7C249735CE0017628A /* Fluxura.app */ = {isa = PBXFileReference; explicitFileType = wrapper.application; includeInIndex = 0; path = Fluxura.app; sourceTree = BUILT_PRODUCTS_DIR; };
		1132EC7F249735CE0017628A /* AppDelegate.swift */ = {isa = PBXFileReference; lastKnownFileType = sourcecode.swift; path = AppDelegate.swift; sourceTree = "<group>"; };
		1132EC81249735CE0017628A /* SceneDelegate.swift */ = {isa = PBXFileReference; lastKnownFileType = sourcecode.swift; path = SceneDelegate.swift; sourceTree = "<group>"; };
		1132EC83249735CE0017628A /* ContentView.swift */ = {isa = PBXFileReference; lastKnownFileType = sourcecode.swift; path = ContentView.swift; sourceTree = "<group>"; };
		1132EC85249735CF0017628A /* Assets.xcassets */ = {isa = PBXFileReference; lastKnownFileType = folder.assetcatalog; path = Assets.xcassets; sourceTree = "<group>"; };
		1132EC88249735CF0017628A /* Preview Assets.xcassets */ = {isa = PBXFileReference; lastKnownFileType = folder.assetcatalog; path = "Preview Assets.xcassets"; sourceTree = "<group>"; };
		1132EC8B249735CF0017628A /* Base */ = {isa = PBXFileReference; lastKnownFileType = file.storyboard; name = Base; path = Base.lproj/LaunchScreen.storyboard; sourceTree = "<group>"; };
		1132EC8D249735CF0017628A /* Info.plist */ = {isa = PBXFileReference; lastKnownFileType = text.plist.xml; path = Info.plist; sourceTree = "<group>"; };
		1132EC93249735E10017628A /* KeyboardView.swift */ = {isa = PBXFileReference; lastKnownFileType = sourcecode.swift; path = KeyboardView.swift; sourceTree = "<group>"; };
		1132EC9824973D820017628A /* Extended.swift */ = {isa = PBXFileReference; lastKnownFileType = sourcecode.swift; path = Extended.swift; sourceTree = "<group>"; };
		1137797A24C70FC100D4A09C /* EquationView.swift */ = {isa = PBXFileReference; lastKnownFileType = sourcecode.swift; path = EquationView.swift; sourceTree = "<group>"; };
		1146694E249B90C4008B7812 /* EntryViews.swift */ = {isa = PBXFileReference; lastKnownFileType = sourcecode.swift; path = EntryViews.swift; sourceTree = "<group>"; };
		114B0E2124D11C2900DE0859 /* TipJarView.swift */ = {isa = PBXFileReference; lastKnownFileType = sourcecode.swift; path = TipJarView.swift; sourceTree = "<group>"; };
		114DA6C424C5BFE600A15017 /* InputViews.swift */ = {isa = PBXFileReference; lastKnownFileType = sourcecode.swift; path = InputViews.swift; sourceTree = "<group>"; };
		11527BA924986E2200263B83 /* Standard.swift */ = {isa = PBXFileReference; lastKnownFileType = sourcecode.swift; path = Standard.swift; sourceTree = "<group>"; };
		115851BF24B7589700B48C5C /* Pendulum.swift */ = {isa = PBXFileReference; lastKnownFileType = sourcecode.swift; path = Pendulum.swift; sourceTree = "<group>"; };
		115851C124B758BC00B48C5C /* Lotka-Volterra.swift */ = {isa = PBXFileReference; lastKnownFileType = sourcecode.swift; path = "Lotka-Volterra.swift"; sourceTree = "<group>"; };
		115851C324B77A6D00B48C5C /* TimeParameters.swift */ = {isa = PBXFileReference; lastKnownFileType = sourcecode.swift; path = TimeParameters.swift; sourceTree = "<group>"; };
		1171FA7424AE21F500C4F6BE /* PresetModel.swift */ = {isa = PBXFileReference; fileEncoding = 4; lastKnownFileType = sourcecode.swift; path = PresetModel.swift; sourceTree = "<group>"; };
		1171FA7524AE21F500C4F6BE /* presetData.json */ = {isa = PBXFileReference; fileEncoding = 4; lastKnownFileType = text.json; path = presetData.json; sourceTree = "<group>"; };
		11924A3B249A7848009719D2 /* AppView.swift */ = {isa = PBXFileReference; lastKnownFileType = sourcecode.swift; path = AppView.swift; sourceTree = "<group>"; xcLanguageSpecificationIdentifier = xcode.lang.swift; };
		11924A3D249A8453009719D2 /* SettingsView.swift */ = {isa = PBXFileReference; lastKnownFileType = sourcecode.swift; path = SettingsView.swift; sourceTree = "<group>"; };
		11924A3F249A84A6009719D2 /* SettingsStore.swift */ = {isa = PBXFileReference; lastKnownFileType = sourcecode.swift; path = SettingsStore.swift; sourceTree = "<group>"; };
		11924A41249AFDED009719D2 /* Buttons.swift */ = {isa = PBXFileReference; lastKnownFileType = sourcecode.swift; path = Buttons.swift; sourceTree = "<group>"; };
		11924A43249B3B71009719D2 /* AppData.swift */ = {isa = PBXFileReference; lastKnownFileType = sourcecode.swift; path = AppData.swift; sourceTree = "<group>"; };
		119AE162249880D500D84555 /* Solver.swift */ = {isa = PBXFileReference; lastKnownFileType = sourcecode.swift; path = Solver.swift; sourceTree = "<group>"; };
		119EA0EF24A7ACAB00838C2E /* CoefficientsList.swift */ = {isa = PBXFileReference; lastKnownFileType = sourcecode.swift; path = CoefficientsList.swift; sourceTree = "<group>"; };
		119F9F4F24AE870C00BD26CA /* MailView.swift */ = {isa = PBXFileReference; lastKnownFileType = sourcecode.swift; path = MailView.swift; sourceTree = "<group>"; };
		11AC22A1249DBED20061A629 /* ClearFieldsView.swift */ = {isa = PBXFileReference; lastKnownFileType = sourcecode.swift; path = ClearFieldsView.swift; sourceTree = "<group>"; };
		11BA57FE24C7F15500B69C39 /* ODE.swift */ = {isa = PBXFileReference; lastKnownFileType = sourcecode.swift; path = ODE.swift; sourceTree = "<group>"; };
		11C27D7C24AA44F60030FD0B /* PresetsView.swift */ = {isa = PBXFileReference; lastKnownFileType = sourcecode.swift; path = PresetsView.swift; sourceTree = "<group>"; };
		11D2D4B324A5038300D1E6FA /* Splashscreen.swift */ = {isa = PBXFileReference; lastKnownFileType = sourcecode.swift; path = Splashscreen.swift; sourceTree = "<group>"; };
		11F00C0324AE46F70048A7EE /* Tags.swift */ = {isa = PBXFileReference; lastKnownFileType = sourcecode.swift; path = Tags.swift; sourceTree = "<group>"; };
		11F00C0524AE47080048A7EE /* SubjectPicker.swift */ = {isa = PBXFileReference; lastKnownFileType = sourcecode.swift; path = SubjectPicker.swift; sourceTree = "<group>"; };
		11F00C0724AE47160048A7EE /* PresetDetailView.swift */ = {isa = PBXFileReference; lastKnownFileType = sourcecode.swift; path = PresetDetailView.swift; sourceTree = "<group>"; };
		11F9BDC424AF7B7800859CE3 /* PresetRow.swift */ = {isa = PBXFileReference; lastKnownFileType = sourcecode.swift; path = PresetRow.swift; sourceTree = "<group>"; };
		11FD5537249A41CA00D775D8 /* BottomSheetView.swift */ = {isa = PBXFileReference; lastKnownFileType = sourcecode.swift; path = BottomSheetView.swift; sourceTree = "<group>"; };
/* End PBXFileReference section */

/* Begin PBXFrameworksBuildPhase section */
		1132EC79249735CE0017628A /* Frameworks */ = {
			isa = PBXFrameworksBuildPhase;
			buildActionMask = 2147483647;
			files = (
				1150F2D024B42B76005E599D /* MathParser in Frameworks */,
			);
			runOnlyForDeploymentPostprocessing = 0;
		};
/* End PBXFrameworksBuildPhase section */

/* Begin PBXGroup section */
		1108914C249DFB31003CED17 /* Supporting Views */ = {
			isa = PBXGroup;
			children = (
				11AC22A1249DBED20061A629 /* ClearFieldsView.swift */,
				1146694E249B90C4008B7812 /* EntryViews.swift */,
				11FD5537249A41CA00D775D8 /* BottomSheetView.swift */,
				11D2D4B324A5038300D1E6FA /* Splashscreen.swift */,
				119F9F4F24AE870C00BD26CA /* MailView.swift */,
				114DA6C424C5BFE600A15017 /* InputViews.swift */,
				1137797A24C70FC100D4A09C /* EquationView.swift */,
			);
			path = "Supporting Views";
			sourceTree = "<group>";
		};
		11116E6424A0468700CDACF9 /* App Icons */ = {
			isa = PBXGroup;
			children = (
				11116E5124A0467F00CDACF9 /* LogDark.png */,
				11116E5224A0467F00CDACF9 /* LogLight.png */,
				11116E5624A0467F00CDACF9 /* NetworkDark.png */,
				11116E5824A0467F00CDACF9 /* NetworkLight.png */,
				11116E5924A0467F00CDACF9 /* SineDark.png */,
				11116E5524A0467F00CDACF9 /* SineLight.png */,
				11116E5324A0467F00CDACF9 /* Sunrise.png */,
				11116E5424A0467F00CDACF9 /* SunriseMonochrome.png */,
				11116E5024A0467F00CDACF9 /* Twilight.png */,
				11116E5724A0467F00CDACF9 /* TwilightMonochrome.png */,
			);
			path = "App Icons";
			sourceTree = "<group>";
		};
		11214C1A24A476E800AEADD5 /* Settings Subviews */ = {
			isa = PBXGroup;
			children = (
				1108914D249EEAD2003CED17 /* ProPreview.swift */,
				11116E4C249F11D500CDACF9 /* AppIconsView.swift */,
				11214C1B24A476F900AEADD5 /* PrivacyPolicy.swift */,
				114B0E2124D11C2900DE0859 /* TipJarView.swift */,
				11214C1D24A478A600AEADD5 /* TermsOfUse.swift */,
				111DE42524A49CE4001A0964 /* Help.swift */,
			);
			path = "Settings Subviews";
			sourceTree = "<group>";
		};
		1132EC73249735CE0017628A = {
			isa = PBXGroup;
			children = (
				1132EC7E249735CE0017628A /* Fluxura */,
				1132EC7D249735CE0017628A /* Products */,
			);
			sourceTree = "<group>";
		};
		1132EC7D249735CE0017628A /* Products */ = {
			isa = PBXGroup;
			children = (
				1132EC7C249735CE0017628A /* Fluxura.app */,
			);
			name = Products;
			sourceTree = "<group>";
		};
		1132EC7E249735CE0017628A /* Fluxura */ = {
			isa = PBXGroup;
			children = (
				11924A3B249A7848009719D2 /* AppView.swift */,
				1132EC83249735CE0017628A /* ContentView.swift */,
				11C27D7C24AA44F60030FD0B /* PresetsView.swift */,
				11924A3D249A8453009719D2 /* SettingsView.swift */,
				1132EC93249735E10017628A /* KeyboardView.swift */,
				11F00C0224AE46D40048A7EE /* Presets Subviews */,
				11214C1A24A476E800AEADD5 /* Settings Subviews */,
				1132EC9524973D680017628A /* Keyboards */,
				1108914C249DFB31003CED17 /* Supporting Views */,
				11F00C0124AE46850048A7EE /* Resources */,
				1171FA7B24AE21FB00C4F6BE /* Models */,
				119AE15F24987DBA00D84555 /* Algorithms */,
				1132EC7F249735CE0017628A /* AppDelegate.swift */,
				1132EC81249735CE0017628A /* SceneDelegate.swift */,
				1132EC85249735CF0017628A /* Assets.xcassets */,
				1132EC8A249735CF0017628A /* LaunchScreen.storyboard */,
				1132EC8D249735CF0017628A /* Info.plist */,
				11116E6424A0468700CDACF9 /* App Icons */,
				1132EC87249735CF0017628A /* Preview Content */,
			);
			path = Fluxura;
			sourceTree = "<group>";
		};
		1132EC87249735CF0017628A /* Preview Content */ = {
			isa = PBXGroup;
			children = (
				1132EC88249735CF0017628A /* Preview Assets.xcassets */,
			);
			path = "Preview Content";
			sourceTree = "<group>";
		};
		1132EC9524973D680017628A /* Keyboards */ = {
			isa = PBXGroup;
			children = (
				11924A41249AFDED009719D2 /* Buttons.swift */,
				1132EC9824973D820017628A /* Extended.swift */,
				11527BA924986E2200263B83 /* Standard.swift */,
			);
			path = Keyboards;
			sourceTree = "<group>";
		};
		1171FA7B24AE21FB00C4F6BE /* Models */ = {
			isa = PBXGroup;
			children = (
				1171FA7424AE21F500C4F6BE /* PresetModel.swift */,
				11924A43249B3B71009719D2 /* AppData.swift */,
				11924A3F249A84A6009719D2 /* SettingsStore.swift */,
			);
			path = Models;
			sourceTree = "<group>";
		};
		119AE15F24987DBA00D84555 /* Algorithms */ = {
			isa = PBXGroup;
			children = (
				119AE162249880D500D84555 /* Solver.swift */,
				11BA57FE24C7F15500B69C39 /* ODE.swift */,
				115851C124B758BC00B48C5C /* Lotka-Volterra.swift */,
				115851BF24B7589700B48C5C /* Pendulum.swift */,
			);
			path = Algorithms;
			sourceTree = "<group>";
		};
		11F00C0124AE46850048A7EE /* Resources */ = {
			isa = PBXGroup;
			children = (
				1171FA7524AE21F500C4F6BE /* presetData.json */,
				119EA0EF24A7ACAB00838C2E /* CoefficientsList.swift */,
				11164E7824BA0FBC00FD6B8B /* Presets.swift */,
			);
			path = Resources;
			sourceTree = "<group>";
		};
		11F00C0224AE46D40048A7EE /* Presets Subviews */ = {
			isa = PBXGroup;
			children = (
				11F00C0324AE46F70048A7EE /* Tags.swift */,
				11F00C0524AE47080048A7EE /* SubjectPicker.swift */,
				11F00C0724AE47160048A7EE /* PresetDetailView.swift */,
				115851C324B77A6D00B48C5C /* TimeParameters.swift */,
				11F9BDC424AF7B7800859CE3 /* PresetRow.swift */,
			);
			path = "Presets Subviews";
			sourceTree = "<group>";
		};
/* End PBXGroup section */

/* Begin PBXNativeTarget section */
		1132EC7B249735CE0017628A /* Fluxura */ = {
			isa = PBXNativeTarget;
			buildConfigurationList = 1132EC90249735CF0017628A /* Build configuration list for PBXNativeTarget "Fluxura" */;
			buildPhases = (
				1132EC78249735CE0017628A /* Sources */,
				1132EC79249735CE0017628A /* Frameworks */,
				1132EC7A249735CE0017628A /* Resources */,
			);
			buildRules = (
			);
			dependencies = (
			);
			name = Fluxura;
			packageProductDependencies = (
				1150F2CF24B42B76005E599D /* MathParser */,
			);
			productName = Integra;
			productReference = 1132EC7C249735CE0017628A /* Fluxura.app */;
			productType = "com.apple.product-type.application";
		};
/* End PBXNativeTarget section */

/* Begin PBXProject section */
		1132EC74249735CE0017628A /* Project object */ = {
			isa = PBXProject;
			attributes = {
				LastSwiftUpdateCheck = 1150;
				LastUpgradeCheck = 1150;
				ORGANIZATIONNAME = "Tanay Nistala";
				TargetAttributes = {
					1132EC7B249735CE0017628A = {
						CreatedOnToolsVersion = 11.5;
					};
				};
			};
			buildConfigurationList = 1132EC77249735CE0017628A /* Build configuration list for PBXProject "Fluxura" */;
			compatibilityVersion = "Xcode 9.3";
			developmentRegion = en;
			hasScannedForEncodings = 0;
			knownRegions = (
				en,
				Base,
			);
			mainGroup = 1132EC73249735CE0017628A;
			packageReferences = (
				1150F2CE24B42B76005E599D /* XCRemoteSwiftPackageReference "DDMathParser" */,
			);
			productRefGroup = 1132EC7D249735CE0017628A /* Products */;
			projectDirPath = "";
			projectRoot = "";
			targets = (
				1132EC7B249735CE0017628A /* Fluxura */,
			);
		};
/* End PBXProject section */

/* Begin PBXResourcesBuildPhase section */
		1132EC7A249735CE0017628A /* Resources */ = {
			isa = PBXResourcesBuildPhase;
			buildActionMask = 2147483647;
			files = (
				11116E5E24A0467F00CDACF9 /* SunriseMonochrome.png in Resources */,
				1132EC8C249735CF0017628A /* LaunchScreen.storyboard in Resources */,
				11116E5D24A0467F00CDACF9 /* Sunrise.png in Resources */,
				11116E5C24A0467F00CDACF9 /* LogLight.png in Resources */,
				11116E6024A0467F00CDACF9 /* NetworkDark.png in Resources */,
				11116E6224A0467F00CDACF9 /* NetworkLight.png in Resources */,
				1171FA7924AE21F500C4F6BE /* presetData.json in Resources */,
				11116E6124A0467F00CDACF9 /* TwilightMonochrome.png in Resources */,
				11116E6324A0467F00CDACF9 /* SineDark.png in Resources */,
				1132EC89249735CF0017628A /* Preview Assets.xcassets in Resources */,
				1132EC86249735CF0017628A /* Assets.xcassets in Resources */,
				11116E5B24A0467F00CDACF9 /* LogDark.png in Resources */,
				11116E5F24A0467F00CDACF9 /* SineLight.png in Resources */,
				11116E5A24A0467F00CDACF9 /* Twilight.png in Resources */,
			);
			runOnlyForDeploymentPostprocessing = 0;
		};
/* End PBXResourcesBuildPhase section */

/* Begin PBXSourcesBuildPhase section */
		1132EC78249735CE0017628A /* Sources */ = {
			isa = PBXSourcesBuildPhase;
			buildActionMask = 2147483647;
			files = (
				11214C1E24A478A600AEADD5 /* TermsOfUse.swift in Sources */,
				119EA0F024A7ACAB00838C2E /* CoefficientsList.swift in Sources */,
				115851C424B77A6D00B48C5C /* TimeParameters.swift in Sources */,
				119F9F5024AE870C00BD26CA /* MailView.swift in Sources */,
				11164E7924BA0FBC00FD6B8B /* Presets.swift in Sources */,
				11116E4D249F11D500CDACF9 /* AppIconsView.swift in Sources */,
				115851C024B7589700B48C5C /* Pendulum.swift in Sources */,
				11924A42249AFDED009719D2 /* Buttons.swift in Sources */,
				115851C224B758BC00B48C5C /* Lotka-Volterra.swift in Sources */,
				11527BAA24986E2200263B83 /* Standard.swift in Sources */,
				11AC22A2249DBED20061A629 /* ClearFieldsView.swift in Sources */,
				11F00C0824AE47160048A7EE /* PresetDetailView.swift in Sources */,
				114B0E2224D11C2900DE0859 /* TipJarView.swift in Sources */,
				11BA57FF24C7F15500B69C39 /* ODE.swift in Sources */,
				1132EC80249735CE0017628A /* AppDelegate.swift in Sources */,
				11924A44249B3B71009719D2 /* AppData.swift in Sources */,
				1171FA7824AE21F500C4F6BE /* PresetModel.swift in Sources */,
				11D2D4B424A5038300D1E6FA /* Splashscreen.swift in Sources */,
				1137797B24C70FC100D4A09C /* EquationView.swift in Sources */,
				11FD5538249A41CA00D775D8 /* BottomSheetView.swift in Sources */,
				1132EC94249735E10017628A /* KeyboardView.swift in Sources */,
				1146694F249B90C4008B7812 /* EntryViews.swift in Sources */,
				11F00C0424AE46F70048A7EE /* Tags.swift in Sources */,
				11C27D7D24AA44F60030FD0B /* PresetsView.swift in Sources */,
				114DA6C524C5BFE600A15017 /* InputViews.swift in Sources */,
				111DE42624A49CE5001A0964 /* Help.swift in Sources */,
				1132EC9924973D820017628A /* Extended.swift in Sources */,
				119AE163249880D500D84555 /* Solver.swift in Sources */,
				11924A3C249A7848009719D2 /* AppView.swift in Sources */,
				1132EC82249735CE0017628A /* SceneDelegate.swift in Sources */,
				11924A40249A84A6009719D2 /* SettingsStore.swift in Sources */,
				1132EC84249735CE0017628A /* ContentView.swift in Sources */,
				11F00C0624AE47080048A7EE /* SubjectPicker.swift in Sources */,
				11214C1C24A476F900AEADD5 /* PrivacyPolicy.swift in Sources */,
				1108914E249EEAD2003CED17 /* ProPreview.swift in Sources */,
				11F9BDC524AF7B7800859CE3 /* PresetRow.swift in Sources */,
				11924A3E249A8453009719D2 /* SettingsView.swift in Sources */,
			);
			runOnlyForDeploymentPostprocessing = 0;
		};
/* End PBXSourcesBuildPhase section */

/* Begin PBXVariantGroup section */
		1132EC8A249735CF0017628A /* LaunchScreen.storyboard */ = {
			isa = PBXVariantGroup;
			children = (
				1132EC8B249735CF0017628A /* Base */,
			);
			name = LaunchScreen.storyboard;
			sourceTree = "<group>";
		};
/* End PBXVariantGroup section */

/* Begin XCBuildConfiguration section */
		1132EC8E249735CF0017628A /* Debug */ = {
			isa = XCBuildConfiguration;
			buildSettings = {
				ALWAYS_SEARCH_USER_PATHS = NO;
				CLANG_ANALYZER_NONNULL = YES;
				CLANG_ANALYZER_NUMBER_OBJECT_CONVERSION = YES_AGGRESSIVE;
				CLANG_CXX_LANGUAGE_STANDARD = "gnu++14";
				CLANG_CXX_LIBRARY = "libc++";
				CLANG_ENABLE_MODULES = YES;
				CLANG_ENABLE_OBJC_ARC = YES;
				CLANG_ENABLE_OBJC_WEAK = YES;
				CLANG_WARN_BLOCK_CAPTURE_AUTORELEASING = YES;
				CLANG_WARN_BOOL_CONVERSION = YES;
				CLANG_WARN_COMMA = YES;
				CLANG_WARN_CONSTANT_CONVERSION = YES;
				CLANG_WARN_DEPRECATED_OBJC_IMPLEMENTATIONS = YES;
				CLANG_WARN_DIRECT_OBJC_ISA_USAGE = YES_ERROR;
				CLANG_WARN_DOCUMENTATION_COMMENTS = YES;
				CLANG_WARN_EMPTY_BODY = YES;
				CLANG_WARN_ENUM_CONVERSION = YES;
				CLANG_WARN_INFINITE_RECURSION = YES;
				CLANG_WARN_INT_CONVERSION = YES;
				CLANG_WARN_NON_LITERAL_NULL_CONVERSION = YES;
				CLANG_WARN_OBJC_IMPLICIT_RETAIN_SELF = YES;
				CLANG_WARN_OBJC_LITERAL_CONVERSION = YES;
				CLANG_WARN_OBJC_ROOT_CLASS = YES_ERROR;
				CLANG_WARN_RANGE_LOOP_ANALYSIS = YES;
				CLANG_WARN_STRICT_PROTOTYPES = YES;
				CLANG_WARN_SUSPICIOUS_MOVE = YES;
				CLANG_WARN_UNGUARDED_AVAILABILITY = YES_AGGRESSIVE;
				CLANG_WARN_UNREACHABLE_CODE = YES;
				CLANG_WARN__DUPLICATE_METHOD_MATCH = YES;
				COPY_PHASE_STRIP = NO;
				DEBUG_INFORMATION_FORMAT = dwarf;
				ENABLE_STRICT_OBJC_MSGSEND = YES;
				ENABLE_TESTABILITY = YES;
				GCC_C_LANGUAGE_STANDARD = gnu11;
				GCC_DYNAMIC_NO_PIC = NO;
				GCC_NO_COMMON_BLOCKS = YES;
				GCC_OPTIMIZATION_LEVEL = 0;
				GCC_PREPROCESSOR_DEFINITIONS = (
					"DEBUG=1",
					"$(inherited)",
				);
				GCC_WARN_64_TO_32_BIT_CONVERSION = YES;
				GCC_WARN_ABOUT_RETURN_TYPE = YES_ERROR;
				GCC_WARN_UNDECLARED_SELECTOR = YES;
				GCC_WARN_UNINITIALIZED_AUTOS = YES_AGGRESSIVE;
				GCC_WARN_UNUSED_FUNCTION = YES;
				GCC_WARN_UNUSED_VARIABLE = YES;
				IPHONEOS_DEPLOYMENT_TARGET = 13.5;
				MTL_ENABLE_DEBUG_INFO = INCLUDE_SOURCE;
				MTL_FAST_MATH = YES;
				ONLY_ACTIVE_ARCH = YES;
				SDKROOT = iphoneos;
				SWIFT_ACTIVE_COMPILATION_CONDITIONS = DEBUG;
				SWIFT_OPTIMIZATION_LEVEL = "-Onone";
			};
			name = Debug;
		};
		1132EC8F249735CF0017628A /* Release */ = {
			isa = XCBuildConfiguration;
			buildSettings = {
				ALWAYS_SEARCH_USER_PATHS = NO;
				CLANG_ANALYZER_NONNULL = YES;
				CLANG_ANALYZER_NUMBER_OBJECT_CONVERSION = YES_AGGRESSIVE;
				CLANG_CXX_LANGUAGE_STANDARD = "gnu++14";
				CLANG_CXX_LIBRARY = "libc++";
				CLANG_ENABLE_MODULES = YES;
				CLANG_ENABLE_OBJC_ARC = YES;
				CLANG_ENABLE_OBJC_WEAK = YES;
				CLANG_WARN_BLOCK_CAPTURE_AUTORELEASING = YES;
				CLANG_WARN_BOOL_CONVERSION = YES;
				CLANG_WARN_COMMA = YES;
				CLANG_WARN_CONSTANT_CONVERSION = YES;
				CLANG_WARN_DEPRECATED_OBJC_IMPLEMENTATIONS = YES;
				CLANG_WARN_DIRECT_OBJC_ISA_USAGE = YES_ERROR;
				CLANG_WARN_DOCUMENTATION_COMMENTS = YES;
				CLANG_WARN_EMPTY_BODY = YES;
				CLANG_WARN_ENUM_CONVERSION = YES;
				CLANG_WARN_INFINITE_RECURSION = YES;
				CLANG_WARN_INT_CONVERSION = YES;
				CLANG_WARN_NON_LITERAL_NULL_CONVERSION = YES;
				CLANG_WARN_OBJC_IMPLICIT_RETAIN_SELF = YES;
				CLANG_WARN_OBJC_LITERAL_CONVERSION = YES;
				CLANG_WARN_OBJC_ROOT_CLASS = YES_ERROR;
				CLANG_WARN_RANGE_LOOP_ANALYSIS = YES;
				CLANG_WARN_STRICT_PROTOTYPES = YES;
				CLANG_WARN_SUSPICIOUS_MOVE = YES;
				CLANG_WARN_UNGUARDED_AVAILABILITY = YES_AGGRESSIVE;
				CLANG_WARN_UNREACHABLE_CODE = YES;
				CLANG_WARN__DUPLICATE_METHOD_MATCH = YES;
				COPY_PHASE_STRIP = NO;
				DEBUG_INFORMATION_FORMAT = "dwarf-with-dsym";
				ENABLE_NS_ASSERTIONS = NO;
				ENABLE_STRICT_OBJC_MSGSEND = YES;
				GCC_C_LANGUAGE_STANDARD = gnu11;
				GCC_NO_COMMON_BLOCKS = YES;
				GCC_WARN_64_TO_32_BIT_CONVERSION = YES;
				GCC_WARN_ABOUT_RETURN_TYPE = YES_ERROR;
				GCC_WARN_UNDECLARED_SELECTOR = YES;
				GCC_WARN_UNINITIALIZED_AUTOS = YES_AGGRESSIVE;
				GCC_WARN_UNUSED_FUNCTION = YES;
				GCC_WARN_UNUSED_VARIABLE = YES;
				IPHONEOS_DEPLOYMENT_TARGET = 13.5;
				MTL_ENABLE_DEBUG_INFO = NO;
				MTL_FAST_MATH = YES;
				SDKROOT = iphoneos;
				SWIFT_COMPILATION_MODE = wholemodule;
				SWIFT_OPTIMIZATION_LEVEL = "-O";
				VALIDATE_PRODUCT = YES;
			};
			name = Release;
		};
		1132EC91249735CF0017628A /* Debug */ = {
			isa = XCBuildConfiguration;
			buildSettings = {
				ASSETCATALOG_COMPILER_APPICON_NAME = AppIcon;
				CODE_SIGN_STYLE = Automatic;
				DEVELOPMENT_ASSET_PATHS = "\"Fluxura/Preview Content\"";
				DEVELOPMENT_TEAM = 7N3FSBSYL9;
				ENABLE_PREVIEWS = YES;
				INFOPLIST_FILE = Fluxura/Info.plist;
				LD_RUNPATH_SEARCH_PATHS = (
					"$(inherited)",
					"@executable_path/Frameworks",
				);
				PRODUCT_BUNDLE_IDENTIFIER = com.tanaynistala.fluxura;
				PRODUCT_NAME = Fluxura;
				SWIFT_VERSION = 5.0;
				TARGETED_DEVICE_FAMILY = "1,2";
			};
			name = Debug;
		};
		1132EC92249735CF0017628A /* Release */ = {
			isa = XCBuildConfiguration;
			buildSettings = {
				ASSETCATALOG_COMPILER_APPICON_NAME = AppIcon;
				CODE_SIGN_STYLE = Automatic;
				DEVELOPMENT_ASSET_PATHS = "\"Fluxura/Preview Content\"";
				DEVELOPMENT_TEAM = 7N3FSBSYL9;
				ENABLE_PREVIEWS = YES;
				INFOPLIST_FILE = Fluxura/Info.plist;
				LD_RUNPATH_SEARCH_PATHS = (
					"$(inherited)",
					"@executable_path/Frameworks",
				);
				PRODUCT_BUNDLE_IDENTIFIER = com.tanaynistala.fluxura;
				PRODUCT_NAME = Fluxura;
				SWIFT_VERSION = 5.0;
				TARGETED_DEVICE_FAMILY = "1,2";
			};
			name = Release;
		};
/* End XCBuildConfiguration section */

/* Begin XCConfigurationList section */
		1132EC77249735CE0017628A /* Build configuration list for PBXProject "Fluxura" */ = {
			isa = XCConfigurationList;
			buildConfigurations = (
				1132EC8E249735CF0017628A /* Debug */,
				1132EC8F249735CF0017628A /* Release */,
			);
			defaultConfigurationIsVisible = 0;
			defaultConfigurationName = Release;
		};
		1132EC90249735CF0017628A /* Build configuration list for PBXNativeTarget "Fluxura" */ = {
			isa = XCConfigurationList;
			buildConfigurations = (
				1132EC91249735CF0017628A /* Debug */,
				1132EC92249735CF0017628A /* Release */,
			);
			defaultConfigurationIsVisible = 0;
			defaultConfigurationName = Release;
		};
/* End XCConfigurationList section */

/* Begin XCRemoteSwiftPackageReference section */
		1150F2CE24B42B76005E599D /* XCRemoteSwiftPackageReference "DDMathParser" */ = {
			isa = XCRemoteSwiftPackageReference;
			repositoryURL = "https://github.com/davedelong/DDMathParser.git";
			requirement = {
				kind = upToNextMajorVersion;
				minimumVersion = 3.1.0;
			};
		};
/* End XCRemoteSwiftPackageReference section */

/* Begin XCSwiftPackageProductDependency section */
		1150F2CF24B42B76005E599D /* MathParser */ = {
			isa = XCSwiftPackageProductDependency;
			package = 1150F2CE24B42B76005E599D /* XCRemoteSwiftPackageReference "DDMathParser" */;
			productName = MathParser;
		};
/* End XCSwiftPackageProductDependency section */
	};
	rootObject = 1132EC74249735CE0017628A /* Project object */;
}
