// !$*UTF8*$!
{
	archiveVersion = 1;
	classes = {
	};
	objectVersion = 52;
	objects = {

/* Begin PBXBuildFile section */
		1108914E249EEAD2003CED17 /* ProPreview.swift in Sources */ = {isa = PBXBuildFile; fileRef = 1108914D249EEAD2003CED17 /* ProPreview.swift */; };
		11116E4D249F11D500CDACF9 /* AppIconsView.swift in Sources */ = {isa = PBXBuildFile; fileRef = 11116E4C249F11D500CDACF9 /* AppIconsView.swift */; };
		111175DE24DC38F200C2FD9F /* HarmonicMotion.swift in Sources */ = {isa = PBXBuildFile; fileRef = 111175DD24DC38F200C2FD9F /* HarmonicMotion.swift */; };
		111175E024DC3A3900C2FD9F /* LorenzSystem.swift in Sources */ = {isa = PBXBuildFile; fileRef = 111175DF24DC3A3900C2FD9F /* LorenzSystem.swift */; };
		111175E224DC475100C2FD9F /* BassDiffusion.swift in Sources */ = {isa = PBXBuildFile; fileRef = 111175E124DC475100C2FD9F /* BassDiffusion.swift */; };
		1111763E24DC5AE300C2FD9F /* AnswerRow.swift in Sources */ = {isa = PBXBuildFile; fileRef = 1111763D24DC5AE300C2FD9F /* AnswerRow.swift */; };
		11164E7924BA0FBC00FD6B8B /* Presets.swift in Sources */ = {isa = PBXBuildFile; fileRef = 11164E7824BA0FBC00FD6B8B /* Presets.swift */; };
		111DE42624A49CE5001A0964 /* Help.swift in Sources */ = {isa = PBXBuildFile; fileRef = 111DE42524A49CE4001A0964 /* Help.swift */; };
		11214C1C24A476F900AEADD5 /* PrivacyPolicy.swift in Sources */ = {isa = PBXBuildFile; fileRef = 11214C1B24A476F900AEADD5 /* PrivacyPolicy.swift */; };
		11214C1E24A478A600AEADD5 /* TermsOfUse.swift in Sources */ = {isa = PBXBuildFile; fileRef = 11214C1D24A478A600AEADD5 /* TermsOfUse.swift */; };
		1129FB8C24DD42C9006FE76E /* FitzHughNagumo.swift in Sources */ = {isa = PBXBuildFile; fileRef = 1129FB8B24DD42C9006FE76E /* FitzHughNagumo.swift */; };
		1129FB8E24DD434C006FE76E /* SIR.swift in Sources */ = {isa = PBXBuildFile; fileRef = 1129FB8D24DD434C006FE76E /* SIR.swift */; };
		1129FB9024DD43F0006FE76E /* AlleeEffect.swift in Sources */ = {isa = PBXBuildFile; fileRef = 1129FB8F24DD43F0006FE76E /* AlleeEffect.swift */; };
		1132EC80249735CE0017628A /* AppDelegate.swift in Sources */ = {isa = PBXBuildFile; fileRef = 1132EC7F249735CE0017628A /* AppDelegate.swift */; };
		1132EC82249735CE0017628A /* SceneDelegate.swift in Sources */ = {isa = PBXBuildFile; fileRef = 1132EC81249735CE0017628A /* SceneDelegate.swift */; };
		1132EC84249735CE0017628A /* ContentView.swift in Sources */ = {isa = PBXBuildFile; fileRef = 1132EC83249735CE0017628A /* ContentView.swift */; };
		1132EC86249735CF0017628A /* Assets.xcassets in Resources */ = {isa = PBXBuildFile; fileRef = 1132EC85249735CF0017628A /* Assets.xcassets */; };
		1132EC89249735CF0017628A /* Preview Assets.xcassets in Resources */ = {isa = PBXBuildFile; fileRef = 1132EC88249735CF0017628A /* Preview Assets.xcassets */; };
		1132EC94249735E10017628A /* KeyboardView.swift in Sources */ = {isa = PBXBuildFile; fileRef = 1132EC93249735E10017628A /* KeyboardView.swift */; };
		1132EC9924973D820017628A /* Extended.swift in Sources */ = {isa = PBXBuildFile; fileRef = 1132EC9824973D820017628A /* Extended.swift */; };
		1137797B24C70FC100D4A09C /* EquationView.swift in Sources */ = {isa = PBXBuildFile; fileRef = 1137797A24C70FC100D4A09C /* EquationView.swift */; };
		113EF32224F0BCD70044FB2F /* AppTintsView.swift in Sources */ = {isa = PBXBuildFile; fileRef = 113EF32124F0BCD70044FB2F /* AppTintsView.swift */; };
		113FFBA724D93C6B00883C67 /* StoreKit.framework in Frameworks */ = {isa = PBXBuildFile; fileRef = 113FFBA624D93C6B00883C67 /* StoreKit.framework */; };
		11429FC424D926670058E7A7 /* Purchases in Frameworks */ = {isa = PBXBuildFile; productRef = 11429FC324D926670058E7A7 /* Purchases */; };
		11429FC624D927180058E7A7 /* SubscriptionManager.swift in Sources */ = {isa = PBXBuildFile; fileRef = 11429FC524D927180058E7A7 /* SubscriptionManager.swift */; };
		1146694F249B90C4008B7812 /* EntryView.swift in Sources */ = {isa = PBXBuildFile; fileRef = 1146694E249B90C4008B7812 /* EntryView.swift */; };
		114B0E2224D11C2900DE0859 /* TipJarView.swift in Sources */ = {isa = PBXBuildFile; fileRef = 114B0E2124D11C2900DE0859 /* TipJarView.swift */; };
		114DA6C524C5BFE600A15017 /* InputRow.swift in Sources */ = {isa = PBXBuildFile; fileRef = 114DA6C424C5BFE600A15017 /* InputRow.swift */; };
		1150F2D024B42B76005E599D /* MathParser in Frameworks */ = {isa = PBXBuildFile; productRef = 1150F2CF24B42B76005E599D /* MathParser */; };
		11527BAA24986E2200263B83 /* Standard.swift in Sources */ = {isa = PBXBuildFile; fileRef = 11527BA924986E2200263B83 /* Standard.swift */; };
		115851C024B7589700B48C5C /* SAM.swift in Sources */ = {isa = PBXBuildFile; fileRef = 115851BF24B7589700B48C5C /* SAM.swift */; };
		115851C224B758BC00B48C5C /* LotkaVolterra.swift in Sources */ = {isa = PBXBuildFile; fileRef = 115851C124B758BC00B48C5C /* LotkaVolterra.swift */; };
		1171FA7824AE21F500C4F6BE /* PresetModel.swift in Sources */ = {isa = PBXBuildFile; fileRef = 1171FA7424AE21F500C4F6BE /* PresetModel.swift */; };
		1185283124DEA2DC005B9D3A /* ConfigView.swift in Sources */ = {isa = PBXBuildFile; fileRef = 1185283024DEA2DC005B9D3A /* ConfigView.swift */; };
		118C282B24DAD50C00A33CDC /* DoublePendulum.swift in Sources */ = {isa = PBXBuildFile; fileRef = 118C282A24DAD50C00A33CDC /* DoublePendulum.swift */; };
		11924A3C249A7848009719D2 /* AppView.swift in Sources */ = {isa = PBXBuildFile; fileRef = 11924A3B249A7848009719D2 /* AppView.swift */; };
		11924A3E249A8453009719D2 /* SettingsView.swift in Sources */ = {isa = PBXBuildFile; fileRef = 11924A3D249A8453009719D2 /* SettingsView.swift */; };
		11924A40249A84A6009719D2 /* SettingsStore.swift in Sources */ = {isa = PBXBuildFile; fileRef = 11924A3F249A84A6009719D2 /* SettingsStore.swift */; };
		11924A42249AFDED009719D2 /* Buttons.swift in Sources */ = {isa = PBXBuildFile; fileRef = 11924A41249AFDED009719D2 /* Buttons.swift */; };
		11924A44249B3B71009719D2 /* AppData.swift in Sources */ = {isa = PBXBuildFile; fileRef = 11924A43249B3B71009719D2 /* AppData.swift */; };
		11967D1F24E26676008DBA75 /* Blue Splash Dark.png in Resources */ = {isa = PBXBuildFile; fileRef = 11967CF224E26675008DBA75 /* Blue Splash Dark.png */; };
		11967D2024E26676008DBA75 /* Red Splash Dark.png in Resources */ = {isa = PBXBuildFile; fileRef = 11967CF324E26675008DBA75 /* Red Splash Dark.png */; };
		11967D2124E26676008DBA75 /* Gray Splash Dark.png in Resources */ = {isa = PBXBuildFile; fileRef = 11967CF424E26675008DBA75 /* Gray Splash Dark.png */; };
		11967D2224E26676008DBA75 /* Pink Splash Dark.png in Resources */ = {isa = PBXBuildFile; fileRef = 11967CF524E26675008DBA75 /* Pink Splash Dark.png */; };
		11967D2324E26676008DBA75 /* Green Splash Dark.png in Resources */ = {isa = PBXBuildFile; fileRef = 11967CF624E26675008DBA75 /* Green Splash Dark.png */; };
		11967D2424E26676008DBA75 /* Pink Dark.png in Resources */ = {isa = PBXBuildFile; fileRef = 11967CF724E26675008DBA75 /* Pink Dark.png */; };
		11967D2524E26676008DBA75 /* Twilight Dark.png in Resources */ = {isa = PBXBuildFile; fileRef = 11967CF824E26675008DBA75 /* Twilight Dark.png */; };
		11967D2624E26676008DBA75 /* Rainbow Dark.png in Resources */ = {isa = PBXBuildFile; fileRef = 11967CF924E26675008DBA75 /* Rainbow Dark.png */; };
		11967D2724E26676008DBA75 /* Purple Dark.png in Resources */ = {isa = PBXBuildFile; fileRef = 11967CFA24E26675008DBA75 /* Purple Dark.png */; };
		11967D2824E26676008DBA75 /* Yellow Splash Dark.png in Resources */ = {isa = PBXBuildFile; fileRef = 11967CFB24E26675008DBA75 /* Yellow Splash Dark.png */; };
		11967D2924E26676008DBA75 /* Orange Splash Dark.png in Resources */ = {isa = PBXBuildFile; fileRef = 11967CFC24E26675008DBA75 /* Orange Splash Dark.png */; };
		11967D2A24E26676008DBA75 /* Green Dark.png in Resources */ = {isa = PBXBuildFile; fileRef = 11967CFD24E26675008DBA75 /* Green Dark.png */; };
		11967D2B24E26676008DBA75 /* Orange Dark.png in Resources */ = {isa = PBXBuildFile; fileRef = 11967CFE24E26675008DBA75 /* Orange Dark.png */; };
		11967D2C24E26676008DBA75 /* Gray Dark.png in Resources */ = {isa = PBXBuildFile; fileRef = 11967CFF24E26675008DBA75 /* Gray Dark.png */; };
		11967D2D24E26676008DBA75 /* Teal Splash Dark.png in Resources */ = {isa = PBXBuildFile; fileRef = 11967D0024E26675008DBA75 /* Teal Splash Dark.png */; };
		11967D2E24E26676008DBA75 /* Rainbow Splash Dark.png in Resources */ = {isa = PBXBuildFile; fileRef = 11967D0124E26675008DBA75 /* Rainbow Splash Dark.png */; };
		11967D2F24E26676008DBA75 /* Red Dark.png in Resources */ = {isa = PBXBuildFile; fileRef = 11967D0224E26675008DBA75 /* Red Dark.png */; };
		11967D3024E26676008DBA75 /* Yellow Dark.png in Resources */ = {isa = PBXBuildFile; fileRef = 11967D0324E26675008DBA75 /* Yellow Dark.png */; };
		11967D3124E26676008DBA75 /* Blue Dark.png in Resources */ = {isa = PBXBuildFile; fileRef = 11967D0424E26675008DBA75 /* Blue Dark.png */; };
		11967D3224E26676008DBA75 /* Purple Splash Dark.png in Resources */ = {isa = PBXBuildFile; fileRef = 11967D0524E26675008DBA75 /* Purple Splash Dark.png */; };
		11967D3324E26676008DBA75 /* Teal Dark.png in Resources */ = {isa = PBXBuildFile; fileRef = 11967D0624E26675008DBA75 /* Teal Dark.png */; };
		11967D3424E26676008DBA75 /* Twilight Splash Dark.png in Resources */ = {isa = PBXBuildFile; fileRef = 11967D0724E26675008DBA75 /* Twilight Splash Dark.png */; };
		11967D3524E26676008DBA75 /* Teal.png in Resources */ = {isa = PBXBuildFile; fileRef = 11967D0924E26675008DBA75 /* Teal.png */; };
		11967D3624E26676008DBA75 /* Gray.png in Resources */ = {isa = PBXBuildFile; fileRef = 11967D0A24E26675008DBA75 /* Gray.png */; };
		11967D3724E26676008DBA75 /* Yellow Splash.png in Resources */ = {isa = PBXBuildFile; fileRef = 11967D0B24E26675008DBA75 /* Yellow Splash.png */; };
		11967D3824E26676008DBA75 /* Blue Splash.png in Resources */ = {isa = PBXBuildFile; fileRef = 11967D0C24E26675008DBA75 /* Blue Splash.png */; };
		11967D3924E26676008DBA75 /* Twilight.png in Resources */ = {isa = PBXBuildFile; fileRef = 11967D0D24E26675008DBA75 /* Twilight.png */; };
		11967D3A24E26676008DBA75 /* Yellow.png in Resources */ = {isa = PBXBuildFile; fileRef = 11967D0E24E26675008DBA75 /* Yellow.png */; };
		11967D3B24E26676008DBA75 /* Twilight Splash.png in Resources */ = {isa = PBXBuildFile; fileRef = 11967D0F24E26675008DBA75 /* Twilight Splash.png */; };
		11967D3C24E26676008DBA75 /* Pink.png in Resources */ = {isa = PBXBuildFile; fileRef = 11967D1024E26675008DBA75 /* Pink.png */; };
		11967D3D24E26676008DBA75 /* Blue.png in Resources */ = {isa = PBXBuildFile; fileRef = 11967D1124E26675008DBA75 /* Blue.png */; };
		11967D3E24E26676008DBA75 /* Purple Splash.png in Resources */ = {isa = PBXBuildFile; fileRef = 11967D1224E26675008DBA75 /* Purple Splash.png */; };
		11967D3F24E26676008DBA75 /* Gray Splash.png in Resources */ = {isa = PBXBuildFile; fileRef = 11967D1324E26675008DBA75 /* Gray Splash.png */; };
		11967D4024E26676008DBA75 /* Orange.png in Resources */ = {isa = PBXBuildFile; fileRef = 11967D1424E26675008DBA75 /* Orange.png */; };
		11967D4124E26676008DBA75 /* Rainbow Splash.png in Resources */ = {isa = PBXBuildFile; fileRef = 11967D1524E26675008DBA75 /* Rainbow Splash.png */; };
		11967D4224E26676008DBA75 /* Orange Splash.png in Resources */ = {isa = PBXBuildFile; fileRef = 11967D1624E26675008DBA75 /* Orange Splash.png */; };
		11967D4324E26676008DBA75 /* Pink Splash.png in Resources */ = {isa = PBXBuildFile; fileRef = 11967D1724E26675008DBA75 /* Pink Splash.png */; };
		11967D4424E26676008DBA75 /* Green.png in Resources */ = {isa = PBXBuildFile; fileRef = 11967D1824E26675008DBA75 /* Green.png */; };
		11967D4524E26676008DBA75 /* Red Splash.png in Resources */ = {isa = PBXBuildFile; fileRef = 11967D1924E26675008DBA75 /* Red Splash.png */; };
		11967D4624E26676008DBA75 /* Green Splash.png in Resources */ = {isa = PBXBuildFile; fileRef = 11967D1A24E26675008DBA75 /* Green Splash.png */; };
		11967D4724E26676008DBA75 /* Teal Splash.png in Resources */ = {isa = PBXBuildFile; fileRef = 11967D1B24E26675008DBA75 /* Teal Splash.png */; };
		11967D4824E26676008DBA75 /* Red.png in Resources */ = {isa = PBXBuildFile; fileRef = 11967D1C24E26675008DBA75 /* Red.png */; };
		11967D4924E26676008DBA75 /* Purple.png in Resources */ = {isa = PBXBuildFile; fileRef = 11967D1D24E26675008DBA75 /* Purple.png */; };
		11967D4A24E26676008DBA75 /* Rainbow.png in Resources */ = {isa = PBXBuildFile; fileRef = 11967D1E24E26675008DBA75 /* Rainbow.png */; };
		119AE163249880D500D84555 /* Solver.swift in Sources */ = {isa = PBXBuildFile; fileRef = 119AE162249880D500D84555 /* Solver.swift */; };
		119EA0F024A7ACAB00838C2E /* CoefficientsList.swift in Sources */ = {isa = PBXBuildFile; fileRef = 119EA0EF24A7ACAB00838C2E /* CoefficientsList.swift */; };
		119F9F5024AE870C00BD26CA /* MailView.swift in Sources */ = {isa = PBXBuildFile; fileRef = 119F9F4F24AE870C00BD26CA /* MailView.swift */; };
		11AC22A2249DBED20061A629 /* ClearViews.swift in Sources */ = {isa = PBXBuildFile; fileRef = 11AC22A1249DBED20061A629 /* ClearViews.swift */; };
		11BA57FF24C7F15500B69C39 /* ODE.swift in Sources */ = {isa = PBXBuildFile; fileRef = 11BA57FE24C7F15500B69C39 /* ODE.swift */; };
		11C27D7D24AA44F60030FD0B /* PresetsView.swift in Sources */ = {isa = PBXBuildFile; fileRef = 11C27D7C24AA44F60030FD0B /* PresetsView.swift */; };
		11CA573724DCED4B005CFA77 /* InputModel.swift in Sources */ = {isa = PBXBuildFile; fileRef = 11CA573624DCED4B005CFA77 /* InputModel.swift */; };
		11D2D4B424A5038300D1E6FA /* Splashscreen.swift in Sources */ = {isa = PBXBuildFile; fileRef = 11D2D4B324A5038300D1E6FA /* Splashscreen.swift */; };
		11DC900924DC1829002A8AF0 /* RateEquation.swift in Sources */ = {isa = PBXBuildFile; fileRef = 11DC900824DC1829002A8AF0 /* RateEquation.swift */; };
		11DC900B24DC1A80002A8AF0 /* FluidResistance3D.swift in Sources */ = {isa = PBXBuildFile; fileRef = 11DC900A24DC1A80002A8AF0 /* FluidResistance3D.swift */; };
		11F00C0424AE46F70048A7EE /* Tags.swift in Sources */ = {isa = PBXBuildFile; fileRef = 11F00C0324AE46F70048A7EE /* Tags.swift */; };
		11F00C0624AE47080048A7EE /* SubjectPicker.swift in Sources */ = {isa = PBXBuildFile; fileRef = 11F00C0524AE47080048A7EE /* SubjectPicker.swift */; };
		11F00C0824AE47160048A7EE /* PresetDetailView.swift in Sources */ = {isa = PBXBuildFile; fileRef = 11F00C0724AE47160048A7EE /* PresetDetailView.swift */; };
		11F7378A24DE749500EC0737 /* LaunchScreen.storyboard in Resources */ = {isa = PBXBuildFile; fileRef = 11F7378924DE749500EC0737 /* LaunchScreen.storyboard */; };
		11F9BDC524AF7B7800859CE3 /* PresetRow.swift in Sources */ = {isa = PBXBuildFile; fileRef = 11F9BDC424AF7B7800859CE3 /* PresetRow.swift */; };
		11FD5538249A41CA00D775D8 /* BottomSheetView.swift in Sources */ = {isa = PBXBuildFile; fileRef = 11FD5537249A41CA00D775D8 /* BottomSheetView.swift */; };
/* End PBXBuildFile section */

/* Begin PBXFileReference section */
		1108914D249EEAD2003CED17 /* ProPreview.swift */ = {isa = PBXFileReference; lastKnownFileType = sourcecode.swift; path = ProPreview.swift; sourceTree = "<group>"; };
		11116E4C249F11D500CDACF9 /* AppIconsView.swift */ = {isa = PBXFileReference; lastKnownFileType = sourcecode.swift; path = AppIconsView.swift; sourceTree = "<group>"; };
		111175DD24DC38F200C2FD9F /* HarmonicMotion.swift */ = {isa = PBXFileReference; lastKnownFileType = sourcecode.swift; path = HarmonicMotion.swift; sourceTree = "<group>"; };
		111175DF24DC3A3900C2FD9F /* LorenzSystem.swift */ = {isa = PBXFileReference; lastKnownFileType = sourcecode.swift; path = LorenzSystem.swift; sourceTree = "<group>"; };
		111175E124DC475100C2FD9F /* BassDiffusion.swift */ = {isa = PBXFileReference; lastKnownFileType = sourcecode.swift; path = BassDiffusion.swift; sourceTree = "<group>"; };
		1111763D24DC5AE300C2FD9F /* AnswerRow.swift */ = {isa = PBXFileReference; lastKnownFileType = sourcecode.swift; path = AnswerRow.swift; sourceTree = "<group>"; };
		11164E7824BA0FBC00FD6B8B /* Presets.swift */ = {isa = PBXFileReference; lastKnownFileType = sourcecode.swift; path = Presets.swift; sourceTree = "<group>"; };
		111DE42524A49CE4001A0964 /* Help.swift */ = {isa = PBXFileReference; lastKnownFileType = sourcecode.swift; path = Help.swift; sourceTree = "<group>"; };
		11214C1B24A476F900AEADD5 /* PrivacyPolicy.swift */ = {isa = PBXFileReference; lastKnownFileType = sourcecode.swift; path = PrivacyPolicy.swift; sourceTree = "<group>"; };
		11214C1D24A478A600AEADD5 /* TermsOfUse.swift */ = {isa = PBXFileReference; lastKnownFileType = sourcecode.swift; path = TermsOfUse.swift; sourceTree = "<group>"; };
		1129FB8B24DD42C9006FE76E /* FitzHughNagumo.swift */ = {isa = PBXFileReference; lastKnownFileType = sourcecode.swift; path = FitzHughNagumo.swift; sourceTree = "<group>"; };
		1129FB8D24DD434C006FE76E /* SIR.swift */ = {isa = PBXFileReference; lastKnownFileType = sourcecode.swift; path = SIR.swift; sourceTree = "<group>"; };
		1129FB8F24DD43F0006FE76E /* AlleeEffect.swift */ = {isa = PBXFileReference; lastKnownFileType = sourcecode.swift; path = AlleeEffect.swift; sourceTree = "<group>"; };
		1132EC7C249735CE0017628A /* Fluxura.app */ = {isa = PBXFileReference; explicitFileType = wrapper.application; includeInIndex = 0; path = Fluxura.app; sourceTree = BUILT_PRODUCTS_DIR; };
		1132EC7F249735CE0017628A /* AppDelegate.swift */ = {isa = PBXFileReference; lastKnownFileType = sourcecode.swift; path = AppDelegate.swift; sourceTree = "<group>"; };
		1132EC81249735CE0017628A /* SceneDelegate.swift */ = {isa = PBXFileReference; lastKnownFileType = sourcecode.swift; path = SceneDelegate.swift; sourceTree = "<group>"; };
		1132EC83249735CE0017628A /* ContentView.swift */ = {isa = PBXFileReference; lastKnownFileType = sourcecode.swift; path = ContentView.swift; sourceTree = "<group>"; };
		1132EC85249735CF0017628A /* Assets.xcassets */ = {isa = PBXFileReference; lastKnownFileType = folder.assetcatalog; path = Assets.xcassets; sourceTree = "<group>"; };
		1132EC88249735CF0017628A /* Preview Assets.xcassets */ = {isa = PBXFileReference; lastKnownFileType = folder.assetcatalog; path = "Preview Assets.xcassets"; sourceTree = "<group>"; };
		1132EC8D249735CF0017628A /* Info.plist */ = {isa = PBXFileReference; lastKnownFileType = text.plist.xml; path = Info.plist; sourceTree = "<group>"; };
		1132EC93249735E10017628A /* KeyboardView.swift */ = {isa = PBXFileReference; lastKnownFileType = sourcecode.swift; path = KeyboardView.swift; sourceTree = "<group>"; };
		1132EC9824973D820017628A /* Extended.swift */ = {isa = PBXFileReference; lastKnownFileType = sourcecode.swift; path = Extended.swift; sourceTree = "<group>"; };
		1137797A24C70FC100D4A09C /* EquationView.swift */ = {isa = PBXFileReference; lastKnownFileType = sourcecode.swift; path = EquationView.swift; sourceTree = "<group>"; };
		113EF32124F0BCD70044FB2F /* AppTintsView.swift */ = {isa = PBXFileReference; lastKnownFileType = sourcecode.swift; path = AppTintsView.swift; sourceTree = "<group>"; };
		113FFBA624D93C6B00883C67 /* StoreKit.framework */ = {isa = PBXFileReference; lastKnownFileType = wrapper.framework; name = StoreKit.framework; path = System/Library/Frameworks/StoreKit.framework; sourceTree = SDKROOT; };
		11429FC524D927180058E7A7 /* SubscriptionManager.swift */ = {isa = PBXFileReference; lastKnownFileType = sourcecode.swift; path = SubscriptionManager.swift; sourceTree = "<group>"; };
		1146694E249B90C4008B7812 /* EntryView.swift */ = {isa = PBXFileReference; lastKnownFileType = sourcecode.swift; path = EntryView.swift; sourceTree = "<group>"; };
		114B0E2124D11C2900DE0859 /* TipJarView.swift */ = {isa = PBXFileReference; lastKnownFileType = sourcecode.swift; path = TipJarView.swift; sourceTree = "<group>"; };
		114DA6C424C5BFE600A15017 /* InputRow.swift */ = {isa = PBXFileReference; lastKnownFileType = sourcecode.swift; path = InputRow.swift; sourceTree = "<group>"; };
		11527BA924986E2200263B83 /* Standard.swift */ = {isa = PBXFileReference; lastKnownFileType = sourcecode.swift; path = Standard.swift; sourceTree = "<group>"; };
		115851BF24B7589700B48C5C /* SAM.swift */ = {isa = PBXFileReference; lastKnownFileType = sourcecode.swift; path = SAM.swift; sourceTree = "<group>"; };
		115851C124B758BC00B48C5C /* LotkaVolterra.swift */ = {isa = PBXFileReference; lastKnownFileType = sourcecode.swift; path = LotkaVolterra.swift; sourceTree = "<group>"; };
		1171FA7424AE21F500C4F6BE /* PresetModel.swift */ = {isa = PBXFileReference; fileEncoding = 4; lastKnownFileType = sourcecode.swift; path = PresetModel.swift; sourceTree = "<group>"; };
		1185283024DEA2DC005B9D3A /* ConfigView.swift */ = {isa = PBXFileReference; lastKnownFileType = sourcecode.swift; path = ConfigView.swift; sourceTree = "<group>"; };
		118C282A24DAD50C00A33CDC /* DoublePendulum.swift */ = {isa = PBXFileReference; lastKnownFileType = sourcecode.swift; path = DoublePendulum.swift; sourceTree = "<group>"; };
		11924A3B249A7848009719D2 /* AppView.swift */ = {isa = PBXFileReference; lastKnownFileType = sourcecode.swift; path = AppView.swift; sourceTree = "<group>"; xcLanguageSpecificationIdentifier = xcode.lang.swift; };
		11924A3D249A8453009719D2 /* SettingsView.swift */ = {isa = PBXFileReference; lastKnownFileType = sourcecode.swift; path = SettingsView.swift; sourceTree = "<group>"; };
		11924A3F249A84A6009719D2 /* SettingsStore.swift */ = {isa = PBXFileReference; lastKnownFileType = sourcecode.swift; path = SettingsStore.swift; sourceTree = "<group>"; };
		11924A41249AFDED009719D2 /* Buttons.swift */ = {isa = PBXFileReference; lastKnownFileType = sourcecode.swift; path = Buttons.swift; sourceTree = "<group>"; };
		11924A43249B3B71009719D2 /* AppData.swift */ = {isa = PBXFileReference; lastKnownFileType = sourcecode.swift; path = AppData.swift; sourceTree = "<group>"; };
		11967CF224E26675008DBA75 /* Blue Splash Dark.png */ = {isa = PBXFileReference; lastKnownFileType = image.png; path = "Blue Splash Dark.png"; sourceTree = "<group>"; };
		11967CF324E26675008DBA75 /* Red Splash Dark.png */ = {isa = PBXFileReference; lastKnownFileType = image.png; path = "Red Splash Dark.png"; sourceTree = "<group>"; };
		11967CF424E26675008DBA75 /* Gray Splash Dark.png */ = {isa = PBXFileReference; lastKnownFileType = image.png; path = "Gray Splash Dark.png"; sourceTree = "<group>"; };
		11967CF524E26675008DBA75 /* Pink Splash Dark.png */ = {isa = PBXFileReference; lastKnownFileType = image.png; path = "Pink Splash Dark.png"; sourceTree = "<group>"; };
		11967CF624E26675008DBA75 /* Green Splash Dark.png */ = {isa = PBXFileReference; lastKnownFileType = image.png; path = "Green Splash Dark.png"; sourceTree = "<group>"; };
		11967CF724E26675008DBA75 /* Pink Dark.png */ = {isa = PBXFileReference; lastKnownFileType = image.png; path = "Pink Dark.png"; sourceTree = "<group>"; };
		11967CF824E26675008DBA75 /* Twilight Dark.png */ = {isa = PBXFileReference; lastKnownFileType = image.png; path = "Twilight Dark.png"; sourceTree = "<group>"; };
		11967CF924E26675008DBA75 /* Rainbow Dark.png */ = {isa = PBXFileReference; lastKnownFileType = image.png; path = "Rainbow Dark.png"; sourceTree = "<group>"; };
		11967CFA24E26675008DBA75 /* Purple Dark.png */ = {isa = PBXFileReference; lastKnownFileType = image.png; path = "Purple Dark.png"; sourceTree = "<group>"; };
		11967CFB24E26675008DBA75 /* Yellow Splash Dark.png */ = {isa = PBXFileReference; lastKnownFileType = image.png; path = "Yellow Splash Dark.png"; sourceTree = "<group>"; };
		11967CFC24E26675008DBA75 /* Orange Splash Dark.png */ = {isa = PBXFileReference; lastKnownFileType = image.png; path = "Orange Splash Dark.png"; sourceTree = "<group>"; };
		11967CFD24E26675008DBA75 /* Green Dark.png */ = {isa = PBXFileReference; lastKnownFileType = image.png; path = "Green Dark.png"; sourceTree = "<group>"; };
		11967CFE24E26675008DBA75 /* Orange Dark.png */ = {isa = PBXFileReference; lastKnownFileType = image.png; path = "Orange Dark.png"; sourceTree = "<group>"; };
		11967CFF24E26675008DBA75 /* Gray Dark.png */ = {isa = PBXFileReference; lastKnownFileType = image.png; path = "Gray Dark.png"; sourceTree = "<group>"; };
		11967D0024E26675008DBA75 /* Teal Splash Dark.png */ = {isa = PBXFileReference; lastKnownFileType = image.png; path = "Teal Splash Dark.png"; sourceTree = "<group>"; };
		11967D0124E26675008DBA75 /* Rainbow Splash Dark.png */ = {isa = PBXFileReference; lastKnownFileType = image.png; path = "Rainbow Splash Dark.png"; sourceTree = "<group>"; };
		11967D0224E26675008DBA75 /* Red Dark.png */ = {isa = PBXFileReference; lastKnownFileType = image.png; path = "Red Dark.png"; sourceTree = "<group>"; };
		11967D0324E26675008DBA75 /* Yellow Dark.png */ = {isa = PBXFileReference; lastKnownFileType = image.png; path = "Yellow Dark.png"; sourceTree = "<group>"; };
		11967D0424E26675008DBA75 /* Blue Dark.png */ = {isa = PBXFileReference; lastKnownFileType = image.png; path = "Blue Dark.png"; sourceTree = "<group>"; };
		11967D0524E26675008DBA75 /* Purple Splash Dark.png */ = {isa = PBXFileReference; lastKnownFileType = image.png; path = "Purple Splash Dark.png"; sourceTree = "<group>"; };
		11967D0624E26675008DBA75 /* Teal Dark.png */ = {isa = PBXFileReference; lastKnownFileType = image.png; path = "Teal Dark.png"; sourceTree = "<group>"; };
		11967D0724E26675008DBA75 /* Twilight Splash Dark.png */ = {isa = PBXFileReference; lastKnownFileType = image.png; path = "Twilight Splash Dark.png"; sourceTree = "<group>"; };
		11967D0924E26675008DBA75 /* Teal.png */ = {isa = PBXFileReference; lastKnownFileType = image.png; path = Teal.png; sourceTree = "<group>"; };
		11967D0A24E26675008DBA75 /* Gray.png */ = {isa = PBXFileReference; lastKnownFileType = image.png; path = Gray.png; sourceTree = "<group>"; };
		11967D0B24E26675008DBA75 /* Yellow Splash.png */ = {isa = PBXFileReference; lastKnownFileType = image.png; path = "Yellow Splash.png"; sourceTree = "<group>"; };
		11967D0C24E26675008DBA75 /* Blue Splash.png */ = {isa = PBXFileReference; lastKnownFileType = image.png; path = "Blue Splash.png"; sourceTree = "<group>"; };
		11967D0D24E26675008DBA75 /* Twilight.png */ = {isa = PBXFileReference; lastKnownFileType = image.png; path = Twilight.png; sourceTree = "<group>"; };
		11967D0E24E26675008DBA75 /* Yellow.png */ = {isa = PBXFileReference; lastKnownFileType = image.png; path = Yellow.png; sourceTree = "<group>"; };
		11967D0F24E26675008DBA75 /* Twilight Splash.png */ = {isa = PBXFileReference; lastKnownFileType = image.png; path = "Twilight Splash.png"; sourceTree = "<group>"; };
		11967D1024E26675008DBA75 /* Pink.png */ = {isa = PBXFileReference; lastKnownFileType = image.png; path = Pink.png; sourceTree = "<group>"; };
		11967D1124E26675008DBA75 /* Blue.png */ = {isa = PBXFileReference; lastKnownFileType = image.png; path = Blue.png; sourceTree = "<group>"; };
		11967D1224E26675008DBA75 /* Purple Splash.png */ = {isa = PBXFileReference; lastKnownFileType = image.png; path = "Purple Splash.png"; sourceTree = "<group>"; };
		11967D1324E26675008DBA75 /* Gray Splash.png */ = {isa = PBXFileReference; lastKnownFileType = image.png; path = "Gray Splash.png"; sourceTree = "<group>"; };
		11967D1424E26675008DBA75 /* Orange.png */ = {isa = PBXFileReference; lastKnownFileType = image.png; path = Orange.png; sourceTree = "<group>"; };
		11967D1524E26675008DBA75 /* Rainbow Splash.png */ = {isa = PBXFileReference; lastKnownFileType = image.png; path = "Rainbow Splash.png"; sourceTree = "<group>"; };
		11967D1624E26675008DBA75 /* Orange Splash.png */ = {isa = PBXFileReference; lastKnownFileType = image.png; path = "Orange Splash.png"; sourceTree = "<group>"; };
		11967D1724E26675008DBA75 /* Pink Splash.png */ = {isa = PBXFileReference; lastKnownFileType = image.png; path = "Pink Splash.png"; sourceTree = "<group>"; };
		11967D1824E26675008DBA75 /* Green.png */ = {isa = PBXFileReference; lastKnownFileType = image.png; path = Green.png; sourceTree = "<group>"; };
		11967D1924E26675008DBA75 /* Red Splash.png */ = {isa = PBXFileReference; lastKnownFileType = image.png; path = "Red Splash.png"; sourceTree = "<group>"; };
		11967D1A24E26675008DBA75 /* Green Splash.png */ = {isa = PBXFileReference; lastKnownFileType = image.png; path = "Green Splash.png"; sourceTree = "<group>"; };
		11967D1B24E26675008DBA75 /* Teal Splash.png */ = {isa = PBXFileReference; lastKnownFileType = image.png; path = "Teal Splash.png"; sourceTree = "<group>"; };
		11967D1C24E26675008DBA75 /* Red.png */ = {isa = PBXFileReference; lastKnownFileType = image.png; path = Red.png; sourceTree = "<group>"; };
		11967D1D24E26675008DBA75 /* Purple.png */ = {isa = PBXFileReference; lastKnownFileType = image.png; path = Purple.png; sourceTree = "<group>"; };
		11967D1E24E26675008DBA75 /* Rainbow.png */ = {isa = PBXFileReference; lastKnownFileType = image.png; path = Rainbow.png; sourceTree = "<group>"; };
		119AE162249880D500D84555 /* Solver.swift */ = {isa = PBXFileReference; lastKnownFileType = sourcecode.swift; path = Solver.swift; sourceTree = "<group>"; };
		119EA0EF24A7ACAB00838C2E /* CoefficientsList.swift */ = {isa = PBXFileReference; lastKnownFileType = sourcecode.swift; path = CoefficientsList.swift; sourceTree = "<group>"; };
		119F9F4F24AE870C00BD26CA /* MailView.swift */ = {isa = PBXFileReference; lastKnownFileType = sourcecode.swift; path = MailView.swift; sourceTree = "<group>"; };
		11AC22A1249DBED20061A629 /* ClearViews.swift */ = {isa = PBXFileReference; lastKnownFileType = sourcecode.swift; path = ClearViews.swift; sourceTree = "<group>"; };
		11BA57FE24C7F15500B69C39 /* ODE.swift */ = {isa = PBXFileReference; lastKnownFileType = sourcecode.swift; path = ODE.swift; sourceTree = "<group>"; };
		11C27D7C24AA44F60030FD0B /* PresetsView.swift */ = {isa = PBXFileReference; lastKnownFileType = sourcecode.swift; path = PresetsView.swift; sourceTree = "<group>"; };
		11CA573624DCED4B005CFA77 /* InputModel.swift */ = {isa = PBXFileReference; lastKnownFileType = sourcecode.swift; path = InputModel.swift; sourceTree = "<group>"; };
		11D2D4B324A5038300D1E6FA /* Splashscreen.swift */ = {isa = PBXFileReference; lastKnownFileType = sourcecode.swift; path = Splashscreen.swift; sourceTree = "<group>"; };
		11DC900824DC1829002A8AF0 /* RateEquation.swift */ = {isa = PBXFileReference; lastKnownFileType = sourcecode.swift; path = RateEquation.swift; sourceTree = "<group>"; };
		11DC900A24DC1A80002A8AF0 /* FluidResistance3D.swift */ = {isa = PBXFileReference; lastKnownFileType = sourcecode.swift; path = FluidResistance3D.swift; sourceTree = "<group>"; };
		11F00C0324AE46F70048A7EE /* Tags.swift */ = {isa = PBXFileReference; lastKnownFileType = sourcecode.swift; path = Tags.swift; sourceTree = "<group>"; };
		11F00C0524AE47080048A7EE /* SubjectPicker.swift */ = {isa = PBXFileReference; lastKnownFileType = sourcecode.swift; path = SubjectPicker.swift; sourceTree = "<group>"; };
		11F00C0724AE47160048A7EE /* PresetDetailView.swift */ = {isa = PBXFileReference; lastKnownFileType = sourcecode.swift; path = PresetDetailView.swift; sourceTree = "<group>"; };
		11F7378924DE749500EC0737 /* LaunchScreen.storyboard */ = {isa = PBXFileReference; fileEncoding = 4; lastKnownFileType = file.storyboard; path = LaunchScreen.storyboard; sourceTree = "<group>"; };
		11F9BDC424AF7B7800859CE3 /* PresetRow.swift */ = {isa = PBXFileReference; lastKnownFileType = sourcecode.swift; path = PresetRow.swift; sourceTree = "<group>"; };
		11FD5537249A41CA00D775D8 /* BottomSheetView.swift */ = {isa = PBXFileReference; lastKnownFileType = sourcecode.swift; path = BottomSheetView.swift; sourceTree = "<group>"; };
/* End PBXFileReference section */

/* Begin PBXFrameworksBuildPhase section */
		1132EC79249735CE0017628A /* Frameworks */ = {
			isa = PBXFrameworksBuildPhase;
			buildActionMask = 2147483647;
			files = (
				113FFBA724D93C6B00883C67 /* StoreKit.framework in Frameworks */,
				1150F2D024B42B76005E599D /* MathParser in Frameworks */,
				11429FC424D926670058E7A7 /* Purchases in Frameworks */,
			);
			runOnlyForDeploymentPostprocessing = 0;
		};
/* End PBXFrameworksBuildPhase section */

/* Begin PBXGroup section */
		1108914C249DFB31003CED17 /* Supporting Views */ = {
			isa = PBXGroup;
			children = (
				11D2D4B324A5038300D1E6FA /* Splashscreen.swift */,
				1146694E249B90C4008B7812 /* EntryView.swift */,
				114DA6C424C5BFE600A15017 /* InputRow.swift */,
				1111763D24DC5AE300C2FD9F /* AnswerRow.swift */,
				1137797A24C70FC100D4A09C /* EquationView.swift */,
				1185283024DEA2DC005B9D3A /* ConfigView.swift */,
				11AC22A1249DBED20061A629 /* ClearViews.swift */,
				119F9F4F24AE870C00BD26CA /* MailView.swift */,
			);
			path = "Supporting Views";
			sourceTree = "<group>";
		};
		11214C1A24A476E800AEADD5 /* Settings */ = {
			isa = PBXGroup;
			children = (
				1108914D249EEAD2003CED17 /* ProPreview.swift */,
				11116E4C249F11D500CDACF9 /* AppIconsView.swift */,
				113EF32124F0BCD70044FB2F /* AppTintsView.swift */,
				11214C1B24A476F900AEADD5 /* PrivacyPolicy.swift */,
				11214C1D24A478A600AEADD5 /* TermsOfUse.swift */,
				114B0E2124D11C2900DE0859 /* TipJarView.swift */,
				111DE42524A49CE4001A0964 /* Help.swift */,
			);
			path = Settings;
			sourceTree = "<group>";
		};
		1132EC73249735CE0017628A = {
			isa = PBXGroup;
			children = (
				1132EC7E249735CE0017628A /* Fluxura */,
				1132EC7D249735CE0017628A /* Products */,
				113FFBA524D93C6B00883C67 /* Frameworks */,
			);
			sourceTree = "<group>";
		};
		1132EC7D249735CE0017628A /* Products */ = {
			isa = PBXGroup;
			children = (
				1132EC7C249735CE0017628A /* Fluxura.app */,
			);
			name = Products;
			sourceTree = "<group>";
		};
		1132EC7E249735CE0017628A /* Fluxura */ = {
			isa = PBXGroup;
			children = (
				11924A3B249A7848009719D2 /* AppView.swift */,
				1132EC83249735CE0017628A /* ContentView.swift */,
				11C27D7C24AA44F60030FD0B /* PresetsView.swift */,
				11924A3D249A8453009719D2 /* SettingsView.swift */,
				1108914C249DFB31003CED17 /* Supporting Views */,
				11F00C0224AE46D40048A7EE /* Presets */,
				11214C1A24A476E800AEADD5 /* Settings */,
				1132EC9524973D680017628A /* Keyboard */,
				119AE15F24987DBA00D84555 /* Algorithms */,
				1171FA7B24AE21FB00C4F6BE /* Models */,
				11F00C0124AE46850048A7EE /* Resources */,
				1132EC7F249735CE0017628A /* AppDelegate.swift */,
				1132EC81249735CE0017628A /* SceneDelegate.swift */,
				1132EC85249735CF0017628A /* Assets.xcassets */,
				1132EC8D249735CF0017628A /* Info.plist */,
				11F7378924DE749500EC0737 /* LaunchScreen.storyboard */,
				11CA573824DD0518005CFA77 /* App Icons */,
				1132EC87249735CF0017628A /* Preview Content */,
			);
			path = Fluxura;
			sourceTree = "<group>";
		};
		1132EC87249735CF0017628A /* Preview Content */ = {
			isa = PBXGroup;
			children = (
				1132EC88249735CF0017628A /* Preview Assets.xcassets */,
			);
			path = "Preview Content";
			sourceTree = "<group>";
		};
		1132EC9524973D680017628A /* Keyboard */ = {
			isa = PBXGroup;
			children = (
				1132EC93249735E10017628A /* KeyboardView.swift */,
				11FD5537249A41CA00D775D8 /* BottomSheetView.swift */,
				11924A41249AFDED009719D2 /* Buttons.swift */,
				1132EC9824973D820017628A /* Extended.swift */,
				11527BA924986E2200263B83 /* Standard.swift */,
			);
			path = Keyboard;
			sourceTree = "<group>";
		};
		113FFBA524D93C6B00883C67 /* Frameworks */ = {
			isa = PBXGroup;
			children = (
				113FFBA624D93C6B00883C67 /* StoreKit.framework */,
			);
			name = Frameworks;
			sourceTree = "<group>";
		};
		1171FA7B24AE21FB00C4F6BE /* Models */ = {
			isa = PBXGroup;
			children = (
				1171FA7424AE21F500C4F6BE /* PresetModel.swift */,
				11924A43249B3B71009719D2 /* AppData.swift */,
				11924A3F249A84A6009719D2 /* SettingsStore.swift */,
				11429FC524D927180058E7A7 /* SubscriptionManager.swift */,
				11CA573624DCED4B005CFA77 /* InputModel.swift */,
			);
			path = Models;
			sourceTree = "<group>";
		};
		11967CF124E26675008DBA75 /* Dark */ = {
			isa = PBXGroup;
			children = (
				11967CF224E26675008DBA75 /* Blue Splash Dark.png */,
				11967CF324E26675008DBA75 /* Red Splash Dark.png */,
				11967CF424E26675008DBA75 /* Gray Splash Dark.png */,
				11967CF524E26675008DBA75 /* Pink Splash Dark.png */,
				11967CF624E26675008DBA75 /* Green Splash Dark.png */,
				11967CF724E26675008DBA75 /* Pink Dark.png */,
				11967CF824E26675008DBA75 /* Twilight Dark.png */,
				11967CF924E26675008DBA75 /* Rainbow Dark.png */,
				11967CFA24E26675008DBA75 /* Purple Dark.png */,
				11967CFB24E26675008DBA75 /* Yellow Splash Dark.png */,
				11967CFC24E26675008DBA75 /* Orange Splash Dark.png */,
				11967CFD24E26675008DBA75 /* Green Dark.png */,
				11967CFE24E26675008DBA75 /* Orange Dark.png */,
				11967CFF24E26675008DBA75 /* Gray Dark.png */,
				11967D0024E26675008DBA75 /* Teal Splash Dark.png */,
				11967D0124E26675008DBA75 /* Rainbow Splash Dark.png */,
				11967D0224E26675008DBA75 /* Red Dark.png */,
				11967D0324E26675008DBA75 /* Yellow Dark.png */,
				11967D0424E26675008DBA75 /* Blue Dark.png */,
				11967D0524E26675008DBA75 /* Purple Splash Dark.png */,
				11967D0624E26675008DBA75 /* Teal Dark.png */,
				11967D0724E26675008DBA75 /* Twilight Splash Dark.png */,
			);
			path = Dark;
			sourceTree = "<group>";
		};
		11967D0824E26675008DBA75 /* Light */ = {
			isa = PBXGroup;
			children = (
				11967D0924E26675008DBA75 /* Teal.png */,
				11967D0A24E26675008DBA75 /* Gray.png */,
				11967D0B24E26675008DBA75 /* Yellow Splash.png */,
				11967D0C24E26675008DBA75 /* Blue Splash.png */,
				11967D0D24E26675008DBA75 /* Twilight.png */,
				11967D0E24E26675008DBA75 /* Yellow.png */,
				11967D0F24E26675008DBA75 /* Twilight Splash.png */,
				11967D1024E26675008DBA75 /* Pink.png */,
				11967D1124E26675008DBA75 /* Blue.png */,
				11967D1224E26675008DBA75 /* Purple Splash.png */,
				11967D1324E26675008DBA75 /* Gray Splash.png */,
				11967D1424E26675008DBA75 /* Orange.png */,
				11967D1524E26675008DBA75 /* Rainbow Splash.png */,
				11967D1624E26675008DBA75 /* Orange Splash.png */,
				11967D1724E26675008DBA75 /* Pink Splash.png */,
				11967D1824E26675008DBA75 /* Green.png */,
				11967D1924E26675008DBA75 /* Red Splash.png */,
				11967D1A24E26675008DBA75 /* Green Splash.png */,
				11967D1B24E26675008DBA75 /* Teal Splash.png */,
				11967D1C24E26675008DBA75 /* Red.png */,
				11967D1D24E26675008DBA75 /* Purple.png */,
				11967D1E24E26675008DBA75 /* Rainbow.png */,
			);
			path = Light;
			sourceTree = "<group>";
		};
		119AE15F24987DBA00D84555 /* Algorithms */ = {
			isa = PBXGroup;
			children = (
				119AE162249880D500D84555 /* Solver.swift */,
				11BA57FE24C7F15500B69C39 /* ODE.swift */,
				11DC900824DC1829002A8AF0 /* RateEquation.swift */,
				115851C124B758BC00B48C5C /* LotkaVolterra.swift */,
				115851BF24B7589700B48C5C /* SAM.swift */,
				1129FB8B24DD42C9006FE76E /* FitzHughNagumo.swift */,
				1129FB8D24DD434C006FE76E /* SIR.swift */,
				1129FB8F24DD43F0006FE76E /* AlleeEffect.swift */,
				118C282A24DAD50C00A33CDC /* DoublePendulum.swift */,
				11DC900A24DC1A80002A8AF0 /* FluidResistance3D.swift */,
				111175DF24DC3A3900C2FD9F /* LorenzSystem.swift */,
				111175DD24DC38F200C2FD9F /* HarmonicMotion.swift */,
				111175E124DC475100C2FD9F /* BassDiffusion.swift */,
			);
			path = Algorithms;
			sourceTree = "<group>";
		};
		11CA573824DD0518005CFA77 /* App Icons */ = {
			isa = PBXGroup;
			children = (
				11967CF124E26675008DBA75 /* Dark */,
				11967D0824E26675008DBA75 /* Light */,
			);
			path = "App Icons";
			sourceTree = "<group>";
		};
		11F00C0124AE46850048A7EE /* Resources */ = {
			isa = PBXGroup;
			children = (
				119EA0EF24A7ACAB00838C2E /* CoefficientsList.swift */,
				11164E7824BA0FBC00FD6B8B /* Presets.swift */,
			);
			path = Resources;
			sourceTree = "<group>";
		};
		11F00C0224AE46D40048A7EE /* Presets */ = {
			isa = PBXGroup;
			children = (
				11F00C0724AE47160048A7EE /* PresetDetailView.swift */,
				11F9BDC424AF7B7800859CE3 /* PresetRow.swift */,
				11F00C0324AE46F70048A7EE /* Tags.swift */,
				11F00C0524AE47080048A7EE /* SubjectPicker.swift */,
			);
			path = Presets;
			sourceTree = "<group>";
		};
/* End PBXGroup section */

/* Begin PBXNativeTarget section */
		1132EC7B249735CE0017628A /* Fluxura */ = {
			isa = PBXNativeTarget;
			buildConfigurationList = 1132EC90249735CF0017628A /* Build configuration list for PBXNativeTarget "Fluxura" */;
			buildPhases = (
				1132EC78249735CE0017628A /* Sources */,
				1132EC79249735CE0017628A /* Frameworks */,
				1132EC7A249735CE0017628A /* Resources */,
			);
			buildRules = (
			);
			dependencies = (
			);
			name = Fluxura;
			packageProductDependencies = (
				1150F2CF24B42B76005E599D /* MathParser */,
				11429FC324D926670058E7A7 /* Purchases */,
			);
			productName = Integra;
			productReference = 1132EC7C249735CE0017628A /* Fluxura.app */;
			productType = "com.apple.product-type.application";
		};
/* End PBXNativeTarget section */

/* Begin PBXProject section */
		1132EC74249735CE0017628A /* Project object */ = {
			isa = PBXProject;
			attributes = {
				LastSwiftUpdateCheck = 1150;
				LastUpgradeCheck = 1150;
				ORGANIZATIONNAME = "Tanay Nistala";
				TargetAttributes = {
					1132EC7B249735CE0017628A = {
						CreatedOnToolsVersion = 11.5;
					};
				};
			};
			buildConfigurationList = 1132EC77249735CE0017628A /* Build configuration list for PBXProject "Fluxura" */;
			compatibilityVersion = "Xcode 9.3";
			developmentRegion = en;
			hasScannedForEncodings = 0;
			knownRegions = (
				en,
				Base,
			);
			mainGroup = 1132EC73249735CE0017628A;
			packageReferences = (
				1150F2CE24B42B76005E599D /* XCRemoteSwiftPackageReference "DDMathParser" */,
				11429FC224D926670058E7A7 /* XCRemoteSwiftPackageReference "purchases-ios" */,
			);
			productRefGroup = 1132EC7D249735CE0017628A /* Products */;
			projectDirPath = "";
			projectRoot = "";
			targets = (
				1132EC7B249735CE0017628A /* Fluxura */,
			);
		};
/* End PBXProject section */

/* Begin PBXResourcesBuildPhase section */
		1132EC7A249735CE0017628A /* Resources */ = {
			isa = PBXResourcesBuildPhase;
			buildActionMask = 2147483647;
			files = (
				11967D4224E26676008DBA75 /* Orange Splash.png in Resources */,
				11967D3624E26676008DBA75 /* Gray.png in Resources */,
				11967D2B24E26676008DBA75 /* Orange Dark.png in Resources */,
				11967D1F24E26676008DBA75 /* Blue Splash Dark.png in Resources */,
				11967D3924E26676008DBA75 /* Twilight.png in Resources */,
				11967D3824E26676008DBA75 /* Blue Splash.png in Resources */,
				11967D4824E26676008DBA75 /* Red.png in Resources */,
				11967D4424E26676008DBA75 /* Green.png in Resources */,
				11967D3124E26676008DBA75 /* Blue Dark.png in Resources */,
				11967D2624E26676008DBA75 /* Rainbow Dark.png in Resources */,
				11967D2E24E26676008DBA75 /* Rainbow Splash Dark.png in Resources */,
				11967D3F24E26676008DBA75 /* Gray Splash.png in Resources */,
				11967D2024E26676008DBA75 /* Red Splash Dark.png in Resources */,
				11967D3724E26676008DBA75 /* Yellow Splash.png in Resources */,
				11967D2524E26676008DBA75 /* Twilight Dark.png in Resources */,
				11967D4924E26676008DBA75 /* Purple.png in Resources */,
				11967D4124E26676008DBA75 /* Rainbow Splash.png in Resources */,
				11967D2724E26676008DBA75 /* Purple Dark.png in Resources */,
				1132EC89249735CF0017628A /* Preview Assets.xcassets in Resources */,
				11967D4A24E26676008DBA75 /* Rainbow.png in Resources */,
				11967D4624E26676008DBA75 /* Green Splash.png in Resources */,
				11967D2F24E26676008DBA75 /* Red Dark.png in Resources */,
				11967D2A24E26676008DBA75 /* Green Dark.png in Resources */,
				11967D2424E26676008DBA75 /* Pink Dark.png in Resources */,
				11967D3B24E26676008DBA75 /* Twilight Splash.png in Resources */,
				11967D3D24E26676008DBA75 /* Blue.png in Resources */,
				11967D2C24E26676008DBA75 /* Gray Dark.png in Resources */,
				11967D3424E26676008DBA75 /* Twilight Splash Dark.png in Resources */,
				11967D4324E26676008DBA75 /* Pink Splash.png in Resources */,
				1132EC86249735CF0017628A /* Assets.xcassets in Resources */,
				11967D2924E26676008DBA75 /* Orange Splash Dark.png in Resources */,
				11967D4524E26676008DBA75 /* Red Splash.png in Resources */,
				11967D2D24E26676008DBA75 /* Teal Splash Dark.png in Resources */,
				11967D3A24E26676008DBA75 /* Yellow.png in Resources */,
				11967D3324E26676008DBA75 /* Teal Dark.png in Resources */,
				11F7378A24DE749500EC0737 /* LaunchScreen.storyboard in Resources */,
				11967D2824E26676008DBA75 /* Yellow Splash Dark.png in Resources */,
				11967D2124E26676008DBA75 /* Gray Splash Dark.png in Resources */,
				11967D3C24E26676008DBA75 /* Pink.png in Resources */,
				11967D3524E26676008DBA75 /* Teal.png in Resources */,
				11967D2324E26676008DBA75 /* Green Splash Dark.png in Resources */,
				11967D3E24E26676008DBA75 /* Purple Splash.png in Resources */,
				11967D3224E26676008DBA75 /* Purple Splash Dark.png in Resources */,
				11967D3024E26676008DBA75 /* Yellow Dark.png in Resources */,
				11967D2224E26676008DBA75 /* Pink Splash Dark.png in Resources */,
				11967D4024E26676008DBA75 /* Orange.png in Resources */,
				11967D4724E26676008DBA75 /* Teal Splash.png in Resources */,
			);
			runOnlyForDeploymentPostprocessing = 0;
		};
/* End PBXResourcesBuildPhase section */

/* Begin PBXSourcesBuildPhase section */
		1132EC78249735CE0017628A /* Sources */ = {
			isa = PBXSourcesBuildPhase;
			buildActionMask = 2147483647;
			files = (
				1111763E24DC5AE300C2FD9F /* AnswerRow.swift in Sources */,
				11214C1E24A478A600AEADD5 /* TermsOfUse.swift in Sources */,
				119EA0F024A7ACAB00838C2E /* CoefficientsList.swift in Sources */,
				119F9F5024AE870C00BD26CA /* MailView.swift in Sources */,
				11164E7924BA0FBC00FD6B8B /* Presets.swift in Sources */,
				11116E4D249F11D500CDACF9 /* AppIconsView.swift in Sources */,
				115851C024B7589700B48C5C /* SAM.swift in Sources */,
				11924A42249AFDED009719D2 /* Buttons.swift in Sources */,
				115851C224B758BC00B48C5C /* LotkaVolterra.swift in Sources */,
				113EF32224F0BCD70044FB2F /* AppTintsView.swift in Sources */,
				11527BAA24986E2200263B83 /* Standard.swift in Sources */,
				1129FB8C24DD42C9006FE76E /* FitzHughNagumo.swift in Sources */,
				11AC22A2249DBED20061A629 /* ClearViews.swift in Sources */,
				1129FB9024DD43F0006FE76E /* AlleeEffect.swift in Sources */,
				11F00C0824AE47160048A7EE /* PresetDetailView.swift in Sources */,
				114B0E2224D11C2900DE0859 /* TipJarView.swift in Sources */,
				11BA57FF24C7F15500B69C39 /* ODE.swift in Sources */,
				1132EC80249735CE0017628A /* AppDelegate.swift in Sources */,
				111175DE24DC38F200C2FD9F /* HarmonicMotion.swift in Sources */,
				11924A44249B3B71009719D2 /* AppData.swift in Sources */,
				1171FA7824AE21F500C4F6BE /* PresetModel.swift in Sources */,
				11D2D4B424A5038300D1E6FA /* Splashscreen.swift in Sources */,
				1137797B24C70FC100D4A09C /* EquationView.swift in Sources */,
				11CA573724DCED4B005CFA77 /* InputModel.swift in Sources */,
				11FD5538249A41CA00D775D8 /* BottomSheetView.swift in Sources */,
				11429FC624D927180058E7A7 /* SubscriptionManager.swift in Sources */,
				1132EC94249735E10017628A /* KeyboardView.swift in Sources */,
				1146694F249B90C4008B7812 /* EntryView.swift in Sources */,
				11F00C0424AE46F70048A7EE /* Tags.swift in Sources */,
				11C27D7D24AA44F60030FD0B /* PresetsView.swift in Sources */,
				114DA6C524C5BFE600A15017 /* InputRow.swift in Sources */,
				111DE42624A49CE5001A0964 /* Help.swift in Sources */,
				1129FB8E24DD434C006FE76E /* SIR.swift in Sources */,
				1132EC9924973D820017628A /* Extended.swift in Sources */,
				119AE163249880D500D84555 /* Solver.swift in Sources */,
				11924A3C249A7848009719D2 /* AppView.swift in Sources */,
				1132EC82249735CE0017628A /* SceneDelegate.swift in Sources */,
				11DC900B24DC1A80002A8AF0 /* FluidResistance3D.swift in Sources */,
				111175E024DC3A3900C2FD9F /* LorenzSystem.swift in Sources */,
				11924A40249A84A6009719D2 /* SettingsStore.swift in Sources */,
				118C282B24DAD50C00A33CDC /* DoublePendulum.swift in Sources */,
				1132EC84249735CE0017628A /* ContentView.swift in Sources */,
				11F00C0624AE47080048A7EE /* SubjectPicker.swift in Sources */,
				11214C1C24A476F900AEADD5 /* PrivacyPolicy.swift in Sources */,
				111175E224DC475100C2FD9F /* BassDiffusion.swift in Sources */,
				1108914E249EEAD2003CED17 /* ProPreview.swift in Sources */,
				1185283124DEA2DC005B9D3A /* ConfigView.swift in Sources */,
				11DC900924DC1829002A8AF0 /* RateEquation.swift in Sources */,
				11F9BDC524AF7B7800859CE3 /* PresetRow.swift in Sources */,
				11924A3E249A8453009719D2 /* SettingsView.swift in Sources */,
			);
			runOnlyForDeploymentPostprocessing = 0;
		};
/* End PBXSourcesBuildPhase section */

/* Begin XCBuildConfiguration section */
		1132EC8E249735CF0017628A /* Debug */ = {
			isa = XCBuildConfiguration;
			buildSettings = {
				ALWAYS_SEARCH_USER_PATHS = NO;
				CLANG_ANALYZER_NONNULL = YES;
				CLANG_ANALYZER_NUMBER_OBJECT_CONVERSION = YES_AGGRESSIVE;
				CLANG_CXX_LANGUAGE_STANDARD = "gnu++14";
				CLANG_CXX_LIBRARY = "libc++";
				CLANG_ENABLE_MODULES = YES;
				CLANG_ENABLE_OBJC_ARC = YES;
				CLANG_ENABLE_OBJC_WEAK = YES;
				CLANG_WARN_BLOCK_CAPTURE_AUTORELEASING = YES;
				CLANG_WARN_BOOL_CONVERSION = YES;
				CLANG_WARN_COMMA = YES;
				CLANG_WARN_CONSTANT_CONVERSION = YES;
				CLANG_WARN_DEPRECATED_OBJC_IMPLEMENTATIONS = YES;
				CLANG_WARN_DIRECT_OBJC_ISA_USAGE = YES_ERROR;
				CLANG_WARN_DOCUMENTATION_COMMENTS = YES;
				CLANG_WARN_EMPTY_BODY = YES;
				CLANG_WARN_ENUM_CONVERSION = YES;
				CLANG_WARN_INFINITE_RECURSION = YES;
				CLANG_WARN_INT_CONVERSION = YES;
				CLANG_WARN_NON_LITERAL_NULL_CONVERSION = YES;
				CLANG_WARN_OBJC_IMPLICIT_RETAIN_SELF = YES;
				CLANG_WARN_OBJC_LITERAL_CONVERSION = YES;
				CLANG_WARN_OBJC_ROOT_CLASS = YES_ERROR;
				CLANG_WARN_RANGE_LOOP_ANALYSIS = YES;
				CLANG_WARN_STRICT_PROTOTYPES = YES;
				CLANG_WARN_SUSPICIOUS_MOVE = YES;
				CLANG_WARN_UNGUARDED_AVAILABILITY = YES_AGGRESSIVE;
				CLANG_WARN_UNREACHABLE_CODE = YES;
				CLANG_WARN__DUPLICATE_METHOD_MATCH = YES;
				COPY_PHASE_STRIP = NO;
				DEBUG_INFORMATION_FORMAT = dwarf;
				ENABLE_STRICT_OBJC_MSGSEND = YES;
				ENABLE_TESTABILITY = YES;
				GCC_C_LANGUAGE_STANDARD = gnu11;
				GCC_DYNAMIC_NO_PIC = NO;
				GCC_NO_COMMON_BLOCKS = YES;
				GCC_OPTIMIZATION_LEVEL = 0;
				GCC_PREPROCESSOR_DEFINITIONS = (
					"DEBUG=1",
					"$(inherited)",
				);
				GCC_WARN_64_TO_32_BIT_CONVERSION = YES;
				GCC_WARN_ABOUT_RETURN_TYPE = YES_ERROR;
				GCC_WARN_UNDECLARED_SELECTOR = YES;
				GCC_WARN_UNINITIALIZED_AUTOS = YES_AGGRESSIVE;
				GCC_WARN_UNUSED_FUNCTION = YES;
				GCC_WARN_UNUSED_VARIABLE = YES;
				IPHONEOS_DEPLOYMENT_TARGET = 13.5;
				MTL_ENABLE_DEBUG_INFO = INCLUDE_SOURCE;
				MTL_FAST_MATH = YES;
				ONLY_ACTIVE_ARCH = YES;
				SDKROOT = iphoneos;
				SWIFT_ACTIVE_COMPILATION_CONDITIONS = DEBUG;
				SWIFT_OPTIMIZATION_LEVEL = "-Onone";
			};
			name = Debug;
		};
		1132EC8F249735CF0017628A /* Release */ = {
			isa = XCBuildConfiguration;
			buildSettings = {
				ALWAYS_SEARCH_USER_PATHS = NO;
				CLANG_ANALYZER_NONNULL = YES;
				CLANG_ANALYZER_NUMBER_OBJECT_CONVERSION = YES_AGGRESSIVE;
				CLANG_CXX_LANGUAGE_STANDARD = "gnu++14";
				CLANG_CXX_LIBRARY = "libc++";
				CLANG_ENABLE_MODULES = YES;
				CLANG_ENABLE_OBJC_ARC = YES;
				CLANG_ENABLE_OBJC_WEAK = YES;
				CLANG_WARN_BLOCK_CAPTURE_AUTORELEASING = YES;
				CLANG_WARN_BOOL_CONVERSION = YES;
				CLANG_WARN_COMMA = YES;
				CLANG_WARN_CONSTANT_CONVERSION = YES;
				CLANG_WARN_DEPRECATED_OBJC_IMPLEMENTATIONS = YES;
				CLANG_WARN_DIRECT_OBJC_ISA_USAGE = YES_ERROR;
				CLANG_WARN_DOCUMENTATION_COMMENTS = YES;
				CLANG_WARN_EMPTY_BODY = YES;
				CLANG_WARN_ENUM_CONVERSION = YES;
				CLANG_WARN_INFINITE_RECURSION = YES;
				CLANG_WARN_INT_CONVERSION = YES;
				CLANG_WARN_NON_LITERAL_NULL_CONVERSION = YES;
				CLANG_WARN_OBJC_IMPLICIT_RETAIN_SELF = YES;
				CLANG_WARN_OBJC_LITERAL_CONVERSION = YES;
				CLANG_WARN_OBJC_ROOT_CLASS = YES_ERROR;
				CLANG_WARN_RANGE_LOOP_ANALYSIS = YES;
				CLANG_WARN_STRICT_PROTOTYPES = YES;
				CLANG_WARN_SUSPICIOUS_MOVE = YES;
				CLANG_WARN_UNGUARDED_AVAILABILITY = YES_AGGRESSIVE;
				CLANG_WARN_UNREACHABLE_CODE = YES;
				CLANG_WARN__DUPLICATE_METHOD_MATCH = YES;
				COPY_PHASE_STRIP = NO;
				DEBUG_INFORMATION_FORMAT = "dwarf-with-dsym";
				ENABLE_NS_ASSERTIONS = NO;
				ENABLE_STRICT_OBJC_MSGSEND = YES;
				GCC_C_LANGUAGE_STANDARD = gnu11;
				GCC_NO_COMMON_BLOCKS = YES;
				GCC_WARN_64_TO_32_BIT_CONVERSION = YES;
				GCC_WARN_ABOUT_RETURN_TYPE = YES_ERROR;
				GCC_WARN_UNDECLARED_SELECTOR = YES;
				GCC_WARN_UNINITIALIZED_AUTOS = YES_AGGRESSIVE;
				GCC_WARN_UNUSED_FUNCTION = YES;
				GCC_WARN_UNUSED_VARIABLE = YES;
				IPHONEOS_DEPLOYMENT_TARGET = 13.5;
				MTL_ENABLE_DEBUG_INFO = NO;
				MTL_FAST_MATH = YES;
				SDKROOT = iphoneos;
				SWIFT_COMPILATION_MODE = wholemodule;
				SWIFT_OPTIMIZATION_LEVEL = "-O";
				VALIDATE_PRODUCT = YES;
			};
			name = Release;
		};
		1132EC91249735CF0017628A /* Debug */ = {
			isa = XCBuildConfiguration;
			buildSettings = {
				ASSETCATALOG_COMPILER_APPICON_NAME = AppIcon;
				CODE_SIGN_STYLE = Automatic;
				CURRENT_PROJECT_VERSION = 10300003;
				DEVELOPMENT_ASSET_PATHS = "\"Fluxura/Preview Content\"";
				DEVELOPMENT_TEAM = 7N3FSBSYL9;
				ENABLE_PREVIEWS = YES;
				INFOPLIST_FILE = Fluxura/Info.plist;
				LD_RUNPATH_SEARCH_PATHS = (
					"$(inherited)",
					"@executable_path/Frameworks",
				);
				MARKETING_VERSION = 1.3.1;
				PRODUCT_BUNDLE_IDENTIFIER = com.tanaynistala.fluxura;
				PRODUCT_NAME = Fluxura;
				SWIFT_VERSION = 5.0;
				TARGETED_DEVICE_FAMILY = "1,2";
			};
			name = Debug;
		};
		1132EC92249735CF0017628A /* Release */ = {
			isa = XCBuildConfiguration;
			buildSettings = {
				ASSETCATALOG_COMPILER_APPICON_NAME = AppIcon;
				CODE_SIGN_STYLE = Automatic;
				CURRENT_PROJECT_VERSION = 10300003;
				DEVELOPMENT_ASSET_PATHS = "\"Fluxura/Preview Content\"";
				DEVELOPMENT_TEAM = 7N3FSBSYL9;
				ENABLE_PREVIEWS = YES;
				INFOPLIST_FILE = Fluxura/Info.plist;
				LD_RUNPATH_SEARCH_PATHS = (
					"$(inherited)",
					"@executable_path/Frameworks",
				);
				MARKETING_VERSION = 1.3.1;
				PRODUCT_BUNDLE_IDENTIFIER = com.tanaynistala.fluxura;
				PRODUCT_NAME = Fluxura;
				SWIFT_VERSION = 5.0;
				TARGETED_DEVICE_FAMILY = "1,2";
			};
			name = Release;
		};
/* End XCBuildConfiguration section */

/* Begin XCConfigurationList section */
		1132EC77249735CE0017628A /* Build configuration list for PBXProject "Fluxura" */ = {
			isa = XCConfigurationList;
			buildConfigurations = (
				1132EC8E249735CF0017628A /* Debug */,
				1132EC8F249735CF0017628A /* Release */,
			);
			defaultConfigurationIsVisible = 0;
			defaultConfigurationName = Release;
		};
		1132EC90249735CF0017628A /* Build configuration list for PBXNativeTarget "Fluxura" */ = {
			isa = XCConfigurationList;
			buildConfigurations = (
				1132EC91249735CF0017628A /* Debug */,
				1132EC92249735CF0017628A /* Release */,
			);
			defaultConfigurationIsVisible = 0;
			defaultConfigurationName = Release;
		};
/* End XCConfigurationList section */

/* Begin XCRemoteSwiftPackageReference section */
		11429FC224D926670058E7A7 /* XCRemoteSwiftPackageReference "purchases-ios" */ = {
			isa = XCRemoteSwiftPackageReference;
			repositoryURL = "https://github.com/RevenueCat/purchases-ios.git";
			requirement = {
				kind = upToNextMajorVersion;
				minimumVersion = 3.5.2;
			};
		};
		1150F2CE24B42B76005E599D /* XCRemoteSwiftPackageReference "DDMathParser" */ = {
			isa = XCRemoteSwiftPackageReference;
			repositoryURL = "https://github.com/davedelong/DDMathParser.git";
			requirement = {
				kind = upToNextMajorVersion;
				minimumVersion = 3.1.0;
			};
		};
/* End XCRemoteSwiftPackageReference section */

/* Begin XCSwiftPackageProductDependency section */
		11429FC324D926670058E7A7 /* Purchases */ = {
			isa = XCSwiftPackageProductDependency;
			package = 11429FC224D926670058E7A7 /* XCRemoteSwiftPackageReference "purchases-ios" */;
			productName = Purchases;
		};
		1150F2CF24B42B76005E599D /* MathParser */ = {
			isa = XCSwiftPackageProductDependency;
			package = 1150F2CE24B42B76005E599D /* XCRemoteSwiftPackageReference "DDMathParser" */;
			productName = MathParser;
		};
/* End XCSwiftPackageProductDependency section */
	};
	rootObject = 1132EC74249735CE0017628A /* Project object */;
}
